
Microsoft Visual Studio Solution File, Format Version 12.00
# Visual Studio 14
VisualStudioVersion = 14.0.25123.0
MinimumVisualStudioVersion = 10.0.40219.1
Project("{FAE04EC0-301F-11D3-BF4B-00C04F79EFBC}") = "BFH_USZ_PICC.Droid", "BFH_USZ_PICC\BFH_USZ_PICC.Droid\BFH_USZ_PICC.Droid.csproj", "{26A7DE27-FA53-43E4-8FDE-1306C48D023E}"
EndProject
Project("{FAE04EC0-301F-11D3-BF4B-00C04F79EFBC}") = "BFH_USZ_PICC.iOS", "BFH_USZ_PICC\BFH_USZ_PICC.iOS\BFH_USZ_PICC.iOS.csproj", "{40BDFC24-1F26-464F-BE1A-3CAE946C0F62}"
EndProject
Project("{FAE04EC0-301F-11D3-BF4B-00C04F79EFBC}") = "BFH_USZ_PICC.UWP", "BFH_USZ_PICC\BFH_USZ_PICC.UWP\BFH_USZ_PICC.UWP.csproj", "{B2077E63-FE86-495B-83AB-4D1BCD09910E}"
EndProject
Project("{FAE04EC0-301F-11D3-BF4B-00C04F79EFBC}") = "BFH_USZ_PICC", "BFH_USZ_PICC\BFH_USZ_PICC\BFH_USZ_PICC.csproj", "{22049EBC-7A70-4F29-B9EE-FF0B02F82371}"
EndProject
Global
	GlobalSection(SolutionConfigurationPlatforms) = preSolution
		Ad-Hoc|Any CPU = Ad-Hoc|Any CPU
		Ad-Hoc|ARM = Ad-Hoc|ARM
		Ad-Hoc|iPhone = Ad-Hoc|iPhone
		Ad-Hoc|iPhoneSimulator = Ad-Hoc|iPhoneSimulator
		Ad-Hoc|x64 = Ad-Hoc|x64
		Ad-Hoc|x86 = Ad-Hoc|x86
		AppStore|Any CPU = AppStore|Any CPU
		AppStore|ARM = AppStore|ARM
		AppStore|iPhone = AppStore|iPhone
		AppStore|iPhoneSimulator = AppStore|iPhoneSimulator
		AppStore|x64 = AppStore|x64
		AppStore|x86 = AppStore|x86
		Debug|Any CPU = Debug|Any CPU
		Debug|ARM = Debug|ARM
		Debug|iPhone = Debug|iPhone
		Debug|iPhoneSimulator = Debug|iPhoneSimulator
		Debug|x64 = Debug|x64
		Debug|x86 = Debug|x86
		Release|Any CPU = Release|Any CPU
		Release|ARM = Release|ARM
		Release|iPhone = Release|iPhone
		Release|iPhoneSimulator = Release|iPhoneSimulator
		Release|x64 = Release|x64
		Release|x86 = Release|x86
	EndGlobalSection
	GlobalSection(ProjectConfigurationPlatforms) = postSolution
		{26A7DE27-FA53-43E4-8FDE-1306C48D023E}.Ad-Hoc|Any CPU.ActiveCfg = Release|Any CPU
		{26A7DE27-FA53-43E4-8FDE-1306C48D023E}.Ad-Hoc|Any CPU.Build.0 = Release|Any CPU
		{26A7DE27-FA53-43E4-8FDE-1306C48D023E}.Ad-Hoc|Any CPU.Deploy.0 = Release|Any CPU
		{26A7DE27-FA53-43E4-8FDE-1306C48D023E}.Ad-Hoc|ARM.ActiveCfg = Release|Any CPU
		{26A7DE27-FA53-43E4-8FDE-1306C48D023E}.Ad-Hoc|ARM.Build.0 = Release|Any CPU
		{26A7DE27-FA53-43E4-8FDE-1306C48D023E}.Ad-Hoc|ARM.Deploy.0 = Release|Any CPU
		{26A7DE27-FA53-43E4-8FDE-1306C48D023E}.Ad-Hoc|iPhone.ActiveCfg = Release|Any CPU
		{26A7DE27-FA53-43E4-8FDE-1306C48D023E}.Ad-Hoc|iPhone.Build.0 = Release|Any CPU
		{26A7DE27-FA53-43E4-8FDE-1306C48D023E}.Ad-Hoc|iPhone.Deploy.0 = Release|Any CPU
		{26A7DE27-FA53-43E4-8FDE-1306C48D023E}.Ad-Hoc|iPhoneSimulator.ActiveCfg = Release|Any CPU
		{26A7DE27-FA53-43E4-8FDE-1306C48D023E}.Ad-Hoc|iPhoneSimulator.Build.0 = Release|Any CPU
		{26A7DE27-FA53-43E4-8FDE-1306C48D023E}.Ad-Hoc|iPhoneSimulator.Deploy.0 = Release|Any CPU
		{26A7DE27-FA53-43E4-8FDE-1306C48D023E}.Ad-Hoc|x64.ActiveCfg = Release|Any CPU
		{26A7DE27-FA53-43E4-8FDE-1306C48D023E}.Ad-Hoc|x64.Build.0 = Release|Any CPU
		{26A7DE27-FA53-43E4-8FDE-1306C48D023E}.Ad-Hoc|x64.Deploy.0 = Release|Any CPU
		{26A7DE27-FA53-43E4-8FDE-1306C48D023E}.Ad-Hoc|x86.ActiveCfg = Release|Any CPU
		{26A7DE27-FA53-43E4-8FDE-1306C48D023E}.Ad-Hoc|x86.Build.0 = Release|Any CPU
		{26A7DE27-FA53-43E4-8FDE-1306C48D023E}.Ad-Hoc|x86.Deploy.0 = Release|Any CPU
		{26A7DE27-FA53-43E4-8FDE-1306C48D023E}.AppStore|Any CPU.ActiveCfg = Release|Any CPU
		{26A7DE27-FA53-43E4-8FDE-1306C48D023E}.AppStore|Any CPU.Build.0 = Release|Any CPU
		{26A7DE27-FA53-43E4-8FDE-1306C48D023E}.AppStore|Any CPU.Deploy.0 = Release|Any CPU
		{26A7DE27-FA53-43E4-8FDE-1306C48D023E}.AppStore|ARM.ActiveCfg = Release|Any CPU
		{26A7DE27-FA53-43E4-8FDE-1306C48D023E}.AppStore|ARM.Build.0 = Release|Any CPU
		{26A7DE27-FA53-43E4-8FDE-1306C48D023E}.AppStore|ARM.Deploy.0 = Release|Any CPU
		{26A7DE27-FA53-43E4-8FDE-1306C48D023E}.AppStore|iPhone.ActiveCfg = Release|Any CPU
		{26A7DE27-FA53-43E4-8FDE-1306C48D023E}.AppStore|iPhone.Build.0 = Release|Any CPU
		{26A7DE27-FA53-43E4-8FDE-1306C48D023E}.AppStore|iPhone.Deploy.0 = Release|Any CPU
		{26A7DE27-FA53-43E4-8FDE-1306C48D023E}.AppStore|iPhoneSimulator.ActiveCfg = Release|Any CPU
		{26A7DE27-FA53-43E4-8FDE-1306C48D023E}.AppStore|iPhoneSimulator.Build.0 = Release|Any CPU
		{26A7DE27-FA53-43E4-8FDE-1306C48D023E}.AppStore|iPhoneSimulator.Deploy.0 = Release|Any CPU
		{26A7DE27-FA53-43E4-8FDE-1306C48D023E}.AppStore|x64.ActiveCfg = Release|Any CPU
		{26A7DE27-FA53-43E4-8FDE-1306C48D023E}.AppStore|x64.Build.0 = Release|Any CPU
		{26A7DE27-FA53-43E4-8FDE-1306C48D023E}.AppStore|x64.Deploy.0 = Release|Any CPU
		{26A7DE27-FA53-43E4-8FDE-1306C48D023E}.AppStore|x86.ActiveCfg = Release|Any CPU
		{26A7DE27-FA53-43E4-8FDE-1306C48D023E}.AppStore|x86.Build.0 = Release|Any CPU
		{26A7DE27-FA53-43E4-8FDE-1306C48D023E}.AppStore|x86.Deploy.0 = Release|Any CPU
		{26A7DE27-FA53-43E4-8FDE-1306C48D023E}.Debug|Any CPU.ActiveCfg = Debug|Any CPU
		{26A7DE27-FA53-43E4-8FDE-1306C48D023E}.Debug|Any CPU.Build.0 = Debug|Any CPU
		{26A7DE27-FA53-43E4-8FDE-1306C48D023E}.Debug|Any CPU.Deploy.0 = Debug|Any CPU
		{26A7DE27-FA53-43E4-8FDE-1306C48D023E}.Debug|ARM.ActiveCfg = Debug|Any CPU
		{26A7DE27-FA53-43E4-8FDE-1306C48D023E}.Debug|ARM.Build.0 = Debug|Any CPU
		{26A7DE27-FA53-43E4-8FDE-1306C48D023E}.Debug|ARM.Deploy.0 = Debug|Any CPU
		{26A7DE27-FA53-43E4-8FDE-1306C48D023E}.Debug|iPhone.ActiveCfg = Debug|Any CPU
		{26A7DE27-FA53-43E4-8FDE-1306C48D023E}.Debug|iPhone.Build.0 = Debug|Any CPU
		{26A7DE27-FA53-43E4-8FDE-1306C48D023E}.Debug|iPhone.Deploy.0 = Debug|Any CPU
		{26A7DE27-FA53-43E4-8FDE-1306C48D023E}.Debug|iPhoneSimulator.ActiveCfg = Debug|Any CPU
		{26A7DE27-FA53-43E4-8FDE-1306C48D023E}.Debug|iPhoneSimulator.Build.0 = Debug|Any CPU
		{26A7DE27-FA53-43E4-8FDE-1306C48D023E}.Debug|iPhoneSimulator.Deploy.0 = Debug|Any CPU
		{26A7DE27-FA53-43E4-8FDE-1306C48D023E}.Debug|x64.ActiveCfg = Debug|Any CPU
		{26A7DE27-FA53-43E4-8FDE-1306C48D023E}.Debug|x64.Build.0 = Debug|Any CPU
		{26A7DE27-FA53-43E4-8FDE-1306C48D023E}.Debug|x64.Deploy.0 = Debug|Any CPU
		{26A7DE27-FA53-43E4-8FDE-1306C48D023E}.Debug|x86.ActiveCfg = Debug|Any CPU
		{26A7DE27-FA53-43E4-8FDE-1306C48D023E}.Debug|x86.Build.0 = Debug|Any CPU
		{26A7DE27-FA53-43E4-8FDE-1306C48D023E}.Debug|x86.Deploy.0 = Debug|Any CPU
		{26A7DE27-FA53-43E4-8FDE-1306C48D023E}.Release|Any CPU.ActiveCfg = Release|Any CPU
		{26A7DE27-FA53-43E4-8FDE-1306C48D023E}.Release|Any CPU.Build.0 = Release|Any CPU
		{26A7DE27-FA53-43E4-8FDE-1306C48D023E}.Release|Any CPU.Deploy.0 = Release|Any CPU
		{26A7DE27-FA53-43E4-8FDE-1306C48D023E}.Release|ARM.ActiveCfg = Release|Any CPU
		{26A7DE27-FA53-43E4-8FDE-1306C48D023E}.Release|ARM.Build.0 = Release|Any CPU
		{26A7DE27-FA53-43E4-8FDE-1306C48D023E}.Release|ARM.Deploy.0 = Release|Any CPU
		{26A7DE27-FA53-43E4-8FDE-1306C48D023E}.Release|iPhone.ActiveCfg = Release|Any CPU
		{26A7DE27-FA53-43E4-8FDE-1306C48D023E}.Release|iPhone.Build.0 = Release|Any CPU
		{26A7DE27-FA53-43E4-8FDE-1306C48D023E}.Release|iPhone.Deploy.0 = Release|Any CPU
		{26A7DE27-FA53-43E4-8FDE-1306C48D023E}.Release|iPhoneSimulator.ActiveCfg = Release|Any CPU
		{26A7DE27-FA53-43E4-8FDE-1306C48D023E}.Release|iPhoneSimulator.Build.0 = Release|Any CPU
		{26A7DE27-FA53-43E4-8FDE-1306C48D023E}.Release|iPhoneSimulator.Deploy.0 = Release|Any CPU
		{26A7DE27-FA53-43E4-8FDE-1306C48D023E}.Release|x64.ActiveCfg = Release|Any CPU
		{26A7DE27-FA53-43E4-8FDE-1306C48D023E}.Release|x64.Build.0 = Release|Any CPU
		{26A7DE27-FA53-43E4-8FDE-1306C48D023E}.Release|x64.Deploy.0 = Release|Any CPU
		{26A7DE27-FA53-43E4-8FDE-1306C48D023E}.Release|x86.ActiveCfg = Release|Any CPU
		{26A7DE27-FA53-43E4-8FDE-1306C48D023E}.Release|x86.Build.0 = Release|Any CPU
		{26A7DE27-FA53-43E4-8FDE-1306C48D023E}.Release|x86.Deploy.0 = Release|Any CPU
		{40BDFC24-1F26-464F-BE1A-3CAE946C0F62}.Ad-Hoc|Any CPU.ActiveCfg = Ad-Hoc|iPhone
		{40BDFC24-1F26-464F-BE1A-3CAE946C0F62}.Ad-Hoc|ARM.ActiveCfg = Ad-Hoc|iPhone
		{40BDFC24-1F26-464F-BE1A-3CAE946C0F62}.Ad-Hoc|iPhone.ActiveCfg = Ad-Hoc|iPhone
		{40BDFC24-1F26-464F-BE1A-3CAE946C0F62}.Ad-Hoc|iPhone.Build.0 = Ad-Hoc|iPhone
		{40BDFC24-1F26-464F-BE1A-3CAE946C0F62}.Ad-Hoc|iPhoneSimulator.ActiveCfg = Ad-Hoc|iPhoneSimulator
		{40BDFC24-1F26-464F-BE1A-3CAE946C0F62}.Ad-Hoc|iPhoneSimulator.Build.0 = Ad-Hoc|iPhoneSimulator
		{40BDFC24-1F26-464F-BE1A-3CAE946C0F62}.Ad-Hoc|x64.ActiveCfg = Ad-Hoc|iPhone
		{40BDFC24-1F26-464F-BE1A-3CAE946C0F62}.Ad-Hoc|x86.ActiveCfg = Ad-Hoc|iPhone
		{40BDFC24-1F26-464F-BE1A-3CAE946C0F62}.AppStore|Any CPU.ActiveCfg = AppStore|iPhone
		{40BDFC24-1F26-464F-BE1A-3CAE946C0F62}.AppStore|ARM.ActiveCfg = AppStore|iPhone
		{40BDFC24-1F26-464F-BE1A-3CAE946C0F62}.AppStore|iPhone.ActiveCfg = AppStore|iPhone
		{40BDFC24-1F26-464F-BE1A-3CAE946C0F62}.AppStore|iPhone.Build.0 = AppStore|iPhone
		{40BDFC24-1F26-464F-BE1A-3CAE946C0F62}.AppStore|iPhoneSimulator.ActiveCfg = AppStore|iPhoneSimulator
		{40BDFC24-1F26-464F-BE1A-3CAE946C0F62}.AppStore|iPhoneSimulator.Build.0 = AppStore|iPhoneSimulator
		{40BDFC24-1F26-464F-BE1A-3CAE946C0F62}.AppStore|x64.ActiveCfg = AppStore|iPhone
		{40BDFC24-1F26-464F-BE1A-3CAE946C0F62}.AppStore|x86.ActiveCfg = AppStore|iPhone
		{40BDFC24-1F26-464F-BE1A-3CAE946C0F62}.Debug|Any CPU.ActiveCfg = Debug|iPhone
		{40BDFC24-1F26-464F-BE1A-3CAE946C0F62}.Debug|ARM.ActiveCfg = Debug|iPhone
		{40BDFC24-1F26-464F-BE1A-3CAE946C0F62}.Debug|iPhone.ActiveCfg = Debug|iPhone
		{40BDFC24-1F26-464F-BE1A-3CAE946C0F62}.Debug|iPhone.Build.0 = Debug|iPhone
		{40BDFC24-1F26-464F-BE1A-3CAE946C0F62}.Debug|iPhoneSimulator.ActiveCfg = Debug|iPhoneSimulator
		{40BDFC24-1F26-464F-BE1A-3CAE946C0F62}.Debug|iPhoneSimulator.Build.0 = Debug|iPhoneSimulator
		{40BDFC24-1F26-464F-BE1A-3CAE946C0F62}.Debug|x64.ActiveCfg = Debug|iPhone
		{40BDFC24-1F26-464F-BE1A-3CAE946C0F62}.Debug|x86.ActiveCfg = Debug|iPhone
		{40BDFC24-1F26-464F-BE1A-3CAE946C0F62}.Release|Any CPU.ActiveCfg = Release|iPhone
		{40BDFC24-1F26-464F-BE1A-3CAE946C0F62}.Release|ARM.ActiveCfg = Release|iPhone
		{40BDFC24-1F26-464F-BE1A-3CAE946C0F62}.Release|iPhone.ActiveCfg = Release|iPhone
		{40BDFC24-1F26-464F-BE1A-3CAE946C0F62}.Release|iPhone.Build.0 = Release|iPhone
		{40BDFC24-1F26-464F-BE1A-3CAE946C0F62}.Release|iPhoneSimulator.ActiveCfg = Release|iPhoneSimulator
		{40BDFC24-1F26-464F-BE1A-3CAE946C0F62}.Release|iPhoneSimulator.Build.0 = Release|iPhoneSimulator
		{40BDFC24-1F26-464F-BE1A-3CAE946C0F62}.Release|x64.ActiveCfg = Release|iPhone
		{40BDFC24-1F26-464F-BE1A-3CAE946C0F62}.Release|x86.ActiveCfg = Release|iPhone
		{B2077E63-FE86-495B-83AB-4D1BCD09910E}.Ad-Hoc|Any CPU.ActiveCfg = Release|x86
		{B2077E63-FE86-495B-83AB-4D1BCD09910E}.Ad-Hoc|Any CPU.Build.0 = Release|x86
		{B2077E63-FE86-495B-83AB-4D1BCD09910E}.Ad-Hoc|Any CPU.Deploy.0 = Release|x86
		{B2077E63-FE86-495B-83AB-4D1BCD09910E}.Ad-Hoc|ARM.ActiveCfg = Release|ARM
		{B2077E63-FE86-495B-83AB-4D1BCD09910E}.Ad-Hoc|ARM.Build.0 = Release|ARM
		{B2077E63-FE86-495B-83AB-4D1BCD09910E}.Ad-Hoc|ARM.Deploy.0 = Release|ARM
		{B2077E63-FE86-495B-83AB-4D1BCD09910E}.Ad-Hoc|iPhone.ActiveCfg = Release|x86
		{B2077E63-FE86-495B-83AB-4D1BCD09910E}.Ad-Hoc|iPhone.Build.0 = Release|x86
		{B2077E63-FE86-495B-83AB-4D1BCD09910E}.Ad-Hoc|iPhone.Deploy.0 = Release|x86
		{B2077E63-FE86-495B-83AB-4D1BCD09910E}.Ad-Hoc|iPhoneSimulator.ActiveCfg = Release|x86
		{B2077E63-FE86-495B-83AB-4D1BCD09910E}.Ad-Hoc|iPhoneSimulator.Build.0 = Release|x86
		{B2077E63-FE86-495B-83AB-4D1BCD09910E}.Ad-Hoc|iPhoneSimulator.Deploy.0 = Release|x86
		{B2077E63-FE86-495B-83AB-4D1BCD09910E}.Ad-Hoc|x64.ActiveCfg = Release|x64
		{B2077E63-FE86-495B-83AB-4D1BCD09910E}.Ad-Hoc|x64.Build.0 = Release|x64
		{B2077E63-FE86-495B-83AB-4D1BCD09910E}.Ad-Hoc|x64.Deploy.0 = Release|x64
		{B2077E63-FE86-495B-83AB-4D1BCD09910E}.Ad-Hoc|x86.ActiveCfg = Release|x86
		{B2077E63-FE86-495B-83AB-4D1BCD09910E}.Ad-Hoc|x86.Build.0 = Release|x86
		{B2077E63-FE86-495B-83AB-4D1BCD09910E}.Ad-Hoc|x86.Deploy.0 = Release|x86
		{B2077E63-FE86-495B-83AB-4D1BCD09910E}.AppStore|Any CPU.ActiveCfg = Release|x86
		{B2077E63-FE86-495B-83AB-4D1BCD09910E}.AppStore|Any CPU.Build.0 = Release|x86
		{B2077E63-FE86-495B-83AB-4D1BCD09910E}.AppStore|Any CPU.Deploy.0 = Release|x86
		{B2077E63-FE86-495B-83AB-4D1BCD09910E}.AppStore|ARM.ActiveCfg = Release|ARM
		{B2077E63-FE86-495B-83AB-4D1BCD09910E}.AppStore|ARM.Build.0 = Release|ARM
		{B2077E63-FE86-495B-83AB-4D1BCD09910E}.AppStore|ARM.Deploy.0 = Release|ARM
		{B2077E63-FE86-495B-83AB-4D1BCD09910E}.AppStore|iPhone.ActiveCfg = Release|x86
		{B2077E63-FE86-495B-83AB-4D1BCD09910E}.AppStore|iPhone.Build.0 = Release|x86
		{B2077E63-FE86-495B-83AB-4D1BCD09910E}.AppStore|iPhone.Deploy.0 = Release|x86
		{B2077E63-FE86-495B-83AB-4D1BCD09910E}.AppStore|iPhoneSimulator.ActiveCfg = Release|x86
		{B2077E63-FE86-495B-83AB-4D1BCD09910E}.AppStore|iPhoneSimulator.Build.0 = Release|x86
		{B2077E63-FE86-495B-83AB-4D1BCD09910E}.AppStore|iPhoneSimulator.Deploy.0 = Release|x86
		{B2077E63-FE86-495B-83AB-4D1BCD09910E}.AppStore|x64.ActiveCfg = Release|x64
		{B2077E63-FE86-495B-83AB-4D1BCD09910E}.AppStore|x64.Build.0 = Release|x64
		{B2077E63-FE86-495B-83AB-4D1BCD09910E}.AppStore|x64.Deploy.0 = Release|x64
		{B2077E63-FE86-495B-83AB-4D1BCD09910E}.AppStore|x86.ActiveCfg = Release|x86
		{B2077E63-FE86-495B-83AB-4D1BCD09910E}.AppStore|x86.Build.0 = Release|x86
		{B2077E63-FE86-495B-83AB-4D1BCD09910E}.AppStore|x86.Deploy.0 = Release|x86
		{B2077E63-FE86-495B-83AB-4D1BCD09910E}.Debug|Any CPU.ActiveCfg = Debug|x86
		{B2077E63-FE86-495B-83AB-4D1BCD09910E}.Debug|ARM.ActiveCfg = Debug|ARM
		{B2077E63-FE86-495B-83AB-4D1BCD09910E}.Debug|ARM.Build.0 = Debug|ARM
		{B2077E63-FE86-495B-83AB-4D1BCD09910E}.Debug|ARM.Deploy.0 = Debug|ARM
		{B2077E63-FE86-495B-83AB-4D1BCD09910E}.Debug|iPhone.ActiveCfg = Debug|x86
		{B2077E63-FE86-495B-83AB-4D1BCD09910E}.Debug|iPhoneSimulator.ActiveCfg = Debug|x86
		{B2077E63-FE86-495B-83AB-4D1BCD09910E}.Debug|x64.ActiveCfg = Debug|x64
		{B2077E63-FE86-495B-83AB-4D1BCD09910E}.Debug|x64.Build.0 = Debug|x64
		{B2077E63-FE86-495B-83AB-4D1BCD09910E}.Debug|x64.Deploy.0 = Debug|x64
		{B2077E63-FE86-495B-83AB-4D1BCD09910E}.Debug|x86.ActiveCfg = Debug|x86
		{B2077E63-FE86-495B-83AB-4D1BCD09910E}.Debug|x86.Build.0 = Debug|x86
		{B2077E63-FE86-495B-83AB-4D1BCD09910E}.Debug|x86.Deploy.0 = Debug|x86
		{B2077E63-FE86-495B-83AB-4D1BCD09910E}.Release|Any CPU.ActiveCfg = Release|x86
		{B2077E63-FE86-495B-83AB-4D1BCD09910E}.Release|ARM.ActiveCfg = Release|ARM
		{B2077E63-FE86-495B-83AB-4D1BCD09910E}.Release|ARM.Build.0 = Release|ARM
		{B2077E63-FE86-495B-83AB-4D1BCD09910E}.Release|ARM.Deploy.0 = Release|ARM
		{B2077E63-FE86-495B-83AB-4D1BCD09910E}.Release|iPhone.ActiveCfg = Release|x86
		{B2077E63-FE86-495B-83AB-4D1BCD09910E}.Release|iPhoneSimulator.ActiveCfg = Release|x86
		{B2077E63-FE86-495B-83AB-4D1BCD09910E}.Release|x64.ActiveCfg = Release|x64
		{B2077E63-FE86-495B-83AB-4D1BCD09910E}.Release|x64.Build.0 = Release|x64
		{B2077E63-FE86-495B-83AB-4D1BCD09910E}.Release|x64.Deploy.0 = Release|x64
		{B2077E63-FE86-495B-83AB-4D1BCD09910E}.Release|x86.ActiveCfg = Release|x86
		{B2077E63-FE86-495B-83AB-4D1BCD09910E}.Release|x86.Build.0 = Release|x86
		{B2077E63-FE86-495B-83AB-4D1BCD09910E}.Release|x86.Deploy.0 = Release|x86
		{22049EBC-7A70-4F29-B9EE-FF0B02F82371}.Ad-Hoc|Any CPU.ActiveCfg = Release|Any CPU
		{22049EBC-7A70-4F29-B9EE-FF0B02F82371}.Ad-Hoc|Any CPU.Build.0 = Release|Any CPU
		{22049EBC-7A70-4F29-B9EE-FF0B02F82371}.Ad-Hoc|ARM.ActiveCfg = Release|Any CPU
		{22049EBC-7A70-4F29-B9EE-FF0B02F82371}.Ad-Hoc|ARM.Build.0 = Release|Any CPU
		{22049EBC-7A70-4F29-B9EE-FF0B02F82371}.Ad-Hoc|iPhone.ActiveCfg = Release|Any CPU
		{22049EBC-7A70-4F29-B9EE-FF0B02F82371}.Ad-Hoc|iPhone.Build.0 = Release|Any CPU
		{22049EBC-7A70-4F29-B9EE-FF0B02F82371}.Ad-Hoc|iPhoneSimulator.ActiveCfg = Release|Any CPU
		{22049EBC-7A70-4F29-B9EE-FF0B02F82371}.Ad-Hoc|iPhoneSimulator.Build.0 = Release|Any CPU
		{22049EBC-7A70-4F29-B9EE-FF0B02F82371}.Ad-Hoc|x64.ActiveCfg = Release|Any CPU
		{22049EBC-7A70-4F29-B9EE-FF0B02F82371}.Ad-Hoc|x64.Build.0 = Release|Any CPU
		{22049EBC-7A70-4F29-B9EE-FF0B02F82371}.Ad-Hoc|x86.ActiveCfg = Release|Any CPU
		{22049EBC-7A70-4F29-B9EE-FF0B02F82371}.Ad-Hoc|x86.Build.0 = Release|Any CPU
		{22049EBC-7A70-4F29-B9EE-FF0B02F82371}.AppStore|Any CPU.ActiveCfg = Release|Any CPU
		{22049EBC-7A70-4F29-B9EE-FF0B02F82371}.AppStore|Any CPU.Build.0 = Release|Any CPU
		{22049EBC-7A70-4F29-B9EE-FF0B02F82371}.AppStore|ARM.ActiveCfg = Release|Any CPU
		{22049EBC-7A70-4F29-B9EE-FF0B02F82371}.AppStore|ARM.Build.0 = Release|Any CPU
		{22049EBC-7A70-4F29-B9EE-FF0B02F82371}.AppStore|iPhone.ActiveCfg = Release|Any CPU
		{22049EBC-7A70-4F29-B9EE-FF0B02F82371}.AppStore|iPhone.Build.0 = Release|Any CPU
		{22049EBC-7A70-4F29-B9EE-FF0B02F82371}.AppStore|iPhoneSimulator.ActiveCfg = Release|Any CPU
		{22049EBC-7A70-4F29-B9EE-FF0B02F82371}.AppStore|iPhoneSimulator.Build.0 = Release|Any CPU
		{22049EBC-7A70-4F29-B9EE-FF0B02F82371}.AppStore|x64.ActiveCfg = Release|Any CPU
		{22049EBC-7A70-4F29-B9EE-FF0B02F82371}.AppStore|x64.Build.0 = Release|Any CPU
		{22049EBC-7A70-4F29-B9EE-FF0B02F82371}.AppStore|x86.ActiveCfg = Release|Any CPU
		{22049EBC-7A70-4F29-B9EE-FF0B02F82371}.AppStore|x86.Build.0 = Release|Any CPU
		{22049EBC-7A70-4F29-B9EE-FF0B02F82371}.Debug|Any CPU.ActiveCfg = Debug|Any CPU
		{22049EBC-7A70-4F29-B9EE-FF0B02F82371}.Debug|Any CPU.Build.0 = Debug|Any CPU
		{22049EBC-7A70-4F29-B9EE-FF0B02F82371}.Debug|ARM.ActiveCfg = Debug|Any CPU
		{22049EBC-7A70-4F29-B9EE-FF0B02F82371}.Debug|ARM.Build.0 = Debug|Any CPU
		{22049EBC-7A70-4F29-B9EE-FF0B02F82371}.Debug|iPhone.ActiveCfg = Debug|Any CPU
		{22049EBC-7A70-4F29-B9EE-FF0B02F82371}.Debug|iPhone.Build.0 = Debug|Any CPU
		{22049EBC-7A70-4F29-B9EE-FF0B02F82371}.Debug|iPhoneSimulator.ActiveCfg = Debug|Any CPU
		{22049EBC-7A70-4F29-B9EE-FF0B02F82371}.Debug|iPhoneSimulator.Build.0 = Debug|Any CPU
		{22049EBC-7A70-4F29-B9EE-FF0B02F82371}.Debug|x64.ActiveCfg = Debug|Any CPU
		{22049EBC-7A70-4F29-B9EE-FF0B02F82371}.Debug|x64.Build.0 = Debug|Any CPU
		{22049EBC-7A70-4F29-B9EE-FF0B02F82371}.Debug|x86.ActiveCfg = Debug|Any CPU
		{22049EBC-7A70-4F29-B9EE-FF0B02F82371}.Debug|x86.Build.0 = Debug|Any CPU
		{22049EBC-7A70-4F29-B9EE-FF0B02F82371}.Release|Any CPU.ActiveCfg = Release|Any CPU
		{22049EBC-7A70-4F29-B9EE-FF0B02F82371}.Release|Any CPU.Build.0 = Release|Any CPU
		{22049EBC-7A70-4F29-B9EE-FF0B02F82371}.Release|ARM.ActiveCfg = Release|Any CPU
		{22049EBC-7A70-4F29-B9EE-FF0B02F82371}.Release|ARM.Build.0 = Release|Any CPU
		{22049EBC-7A70-4F29-B9EE-FF0B02F82371}.Release|iPhone.ActiveCfg = Release|Any CPU
		{22049EBC-7A70-4F29-B9EE-FF0B02F82371}.Release|iPhone.Build.0 = Release|Any CPU
		{22049EBC-7A70-4F29-B9EE-FF0B02F82371}.Release|iPhoneSimulator.ActiveCfg = Release|Any CPU
		{22049EBC-7A70-4F29-B9EE-FF0B02F82371}.Release|iPhoneSimulator.Build.0 = Release|Any CPU
		{22049EBC-7A70-4F29-B9EE-FF0B02F82371}.Release|x64.ActiveCfg = Release|Any CPU
		{22049EBC-7A70-4F29-B9EE-FF0B02F82371}.Release|x64.Build.0 = Release|Any CPU
		{22049EBC-7A70-4F29-B9EE-FF0B02F82371}.Release|x86.ActiveCfg = Release|Any CPU
		{22049EBC-7A70-4F29-B9EE-FF0B02F82371}.Release|x86.Build.0 = Release|Any CPU
	EndGlobalSection
	GlobalSection(SolutionProperties) = preSolution
		HideSolutionNode = FALSE
	EndGlobalSection
EndGlobal
