
Microsoft Visual Studio Solution File, Format Version 12.00
# Visual Studio 14
VisualStudioVersion = 14.0.25420.1
MinimumVisualStudioVersion = 10.0.40219.1
Project("{FAE04EC0-301F-11D3-BF4B-00C04F79EFBC}") = "BFH_USZ_PICC.Droid", "BFH_USZ_PICC\BFH_USZ_PICC.Droid\BFH_USZ_PICC.Droid.csproj", "{26A7DE27-FA53-43E4-8FDE-1306C48D023E}"
EndProject
Project("{FAE04EC0-301F-11D3-BF4B-00C04F79EFBC}") = "BFH_USZ_PICC.iOS", "BFH_USZ_PICC\BFH_USZ_PICC.iOS\BFH_USZ_PICC.iOS.csproj", "{40BDFC24-1F26-464F-BE1A-3CAE946C0F62}"
EndProject
Project("{FAE04EC0-301F-11D3-BF4B-00C04F79EFBC}") = "BFH_USZ_PICC.UWP", "BFH_USZ_PICC\BFH_USZ_PICC.UWP\BFH_USZ_PICC.UWP.csproj", "{B2077E63-FE86-495B-83AB-4D1BCD09910E}"
EndProject
Project("{FAE04EC0-301F-11D3-BF4B-00C04F79EFBC}") = "BFH_USZ_PICC", "BFH_USZ_PICC\BFH_USZ_PICC\BFH_USZ_PICC.csproj", "{22049EBC-7A70-4F29-B9EE-FF0B02F82371}"
EndProject
Project("{F088123C-0E9E-452A-89E6-6BA2F21D5CAC}") = "UMLModels", "ModelingProject1\UMLModels.modelproj", "{8517B20C-9BD8-48E6-84E2-32813372750A}"
EndProject
Project("{FAE04EC0-301F-11D3-BF4B-00C04F79EFBC}") = "BFH_USZ_PICC.Tests", "BFH_USZ_PICC.Tests\BFH_USZ_PICC.Tests\BFH_USZ_PICC.Tests.csproj", "{A3136600-16A1-40C5-83D7-553E9B2D1EC1}"
EndProject
Project("{FAE04EC0-301F-11D3-BF4B-00C04F79EFBC}") = "BFH_USZ_PICC.Tests.iOS", "BFH_USZ_PICC.Tests\BFH_USZ_PICC.Tests.iOS\BFH_USZ_PICC.Tests.iOS.csproj", "{D9193A56-3EFA-4400-9813-3297EEFEB193}"
EndProject
Project("{FAE04EC0-301F-11D3-BF4B-00C04F79EFBC}") = "BFH_USZ_PICC.Tests.Droid", "BFH_USZ_PICC.Tests\BFH_USZ_PICC.Tests.Droid\BFH_USZ_PICC.Tests.Droid.csproj", "{687A748A-68AD-4647-9DCC-8251FA5D625E}"
EndProject
Project("{FAE04EC0-301F-11D3-BF4B-00C04F79EFBC}") = "BFH_USZ_PICC.Tests.UWP", "BFH_USZ_PICC.Tests\BFH_USZ_PICC.Tests.UWP\BFH_USZ_PICC.Tests.UWP.csproj", "{ADF7B0EC-F396-43CA-A67E-8491E0A785B9}"
EndProject
Project("{FAE04EC0-301F-11D3-BF4B-00C04F79EFBC}") = "BFH_USZ_PICC.UITests.Droid", "BFH_USZ_PICC.UITests.Droid\BFH_USZ_PICC.UITests.Droid.csproj", "{A2C79ADD-25FD-4158-A6D1-33AA8C3079BF}"
EndProject
Project("{FAE04EC0-301F-11D3-BF4B-00C04F79EFBC}") = "BFH_USZ_PICC.UITests.iOS", "BFH_USZ_PICC.UITests.iOS\BFH_USZ_PICC.UITests.iOS.csproj", "{BE4C5233-7D79-47D6-9AA1-94AD0BDDBC83}"
EndProject
Global
	GlobalSection(SolutionConfigurationPlatforms) = preSolution
		Ad-Hoc|Any CPU = Ad-Hoc|Any CPU
		Ad-Hoc|ARM = Ad-Hoc|ARM
		Ad-Hoc|iPhone = Ad-Hoc|iPhone
		Ad-Hoc|iPhoneSimulator = Ad-Hoc|iPhoneSimulator
		Ad-Hoc|x64 = Ad-Hoc|x64
		Ad-Hoc|x86 = Ad-Hoc|x86
		AppStore|Any CPU = AppStore|Any CPU
		AppStore|ARM = AppStore|ARM
		AppStore|iPhone = AppStore|iPhone
		AppStore|iPhoneSimulator = AppStore|iPhoneSimulator
		AppStore|x64 = AppStore|x64
		AppStore|x86 = AppStore|x86
		Debug|Any CPU = Debug|Any CPU
		Debug|ARM = Debug|ARM
		Debug|iPhone = Debug|iPhone
		Debug|iPhoneSimulator = Debug|iPhoneSimulator
		Debug|x64 = Debug|x64
		Debug|x86 = Debug|x86
		Release Testing|Any CPU = Release Testing|Any CPU
		Release Testing|ARM = Release Testing|ARM
		Release Testing|iPhone = Release Testing|iPhone
		Release Testing|iPhoneSimulator = Release Testing|iPhoneSimulator
		Release Testing|x64 = Release Testing|x64
		Release Testing|x86 = Release Testing|x86
		Release|Any CPU = Release|Any CPU
		Release|ARM = Release|ARM
		Release|iPhone = Release|iPhone
		Release|iPhoneSimulator = Release|iPhoneSimulator
		Release|x64 = Release|x64
		Release|x86 = Release|x86
	EndGlobalSection
	GlobalSection(ProjectConfigurationPlatforms) = postSolution
		{26A7DE27-FA53-43E4-8FDE-1306C48D023E}.Ad-Hoc|Any CPU.ActiveCfg = Release|Any CPU
		{26A7DE27-FA53-43E4-8FDE-1306C48D023E}.Ad-Hoc|Any CPU.Build.0 = Release|Any CPU
		{26A7DE27-FA53-43E4-8FDE-1306C48D023E}.Ad-Hoc|Any CPU.Deploy.0 = Release|Any CPU
		{26A7DE27-FA53-43E4-8FDE-1306C48D023E}.Ad-Hoc|ARM.ActiveCfg = Release|Any CPU
		{26A7DE27-FA53-43E4-8FDE-1306C48D023E}.Ad-Hoc|ARM.Build.0 = Release|Any CPU
		{26A7DE27-FA53-43E4-8FDE-1306C48D023E}.Ad-Hoc|ARM.Deploy.0 = Release|Any CPU
		{26A7DE27-FA53-43E4-8FDE-1306C48D023E}.Ad-Hoc|iPhone.ActiveCfg = Release|Any CPU
		{26A7DE27-FA53-43E4-8FDE-1306C48D023E}.Ad-Hoc|iPhoneSimulator.ActiveCfg = Release|Any CPU
		{26A7DE27-FA53-43E4-8FDE-1306C48D023E}.Ad-Hoc|x64.ActiveCfg = Release|Any CPU
		{26A7DE27-FA53-43E4-8FDE-1306C48D023E}.Ad-Hoc|x64.Build.0 = Release|Any CPU
		{26A7DE27-FA53-43E4-8FDE-1306C48D023E}.Ad-Hoc|x64.Deploy.0 = Release|Any CPU
		{26A7DE27-FA53-43E4-8FDE-1306C48D023E}.Ad-Hoc|x86.ActiveCfg = Release|Any CPU
		{26A7DE27-FA53-43E4-8FDE-1306C48D023E}.Ad-Hoc|x86.Build.0 = Release|Any CPU
		{26A7DE27-FA53-43E4-8FDE-1306C48D023E}.Ad-Hoc|x86.Deploy.0 = Release|Any CPU
		{26A7DE27-FA53-43E4-8FDE-1306C48D023E}.AppStore|Any CPU.ActiveCfg = Release|Any CPU
		{26A7DE27-FA53-43E4-8FDE-1306C48D023E}.AppStore|Any CPU.Build.0 = Release|Any CPU
		{26A7DE27-FA53-43E4-8FDE-1306C48D023E}.AppStore|Any CPU.Deploy.0 = Release|Any CPU
		{26A7DE27-FA53-43E4-8FDE-1306C48D023E}.AppStore|ARM.ActiveCfg = Release|Any CPU
		{26A7DE27-FA53-43E4-8FDE-1306C48D023E}.AppStore|ARM.Build.0 = Release|Any CPU
		{26A7DE27-FA53-43E4-8FDE-1306C48D023E}.AppStore|ARM.Deploy.0 = Release|Any CPU
		{26A7DE27-FA53-43E4-8FDE-1306C48D023E}.AppStore|iPhone.ActiveCfg = Release|Any CPU
		{26A7DE27-FA53-43E4-8FDE-1306C48D023E}.AppStore|iPhone.Build.0 = Release|Any CPU
		{26A7DE27-FA53-43E4-8FDE-1306C48D023E}.AppStore|iPhone.Deploy.0 = Release|Any CPU
		{26A7DE27-FA53-43E4-8FDE-1306C48D023E}.AppStore|iPhoneSimulator.ActiveCfg = Release|Any CPU
		{26A7DE27-FA53-43E4-8FDE-1306C48D023E}.AppStore|iPhoneSimulator.Build.0 = Release|Any CPU
		{26A7DE27-FA53-43E4-8FDE-1306C48D023E}.AppStore|iPhoneSimulator.Deploy.0 = Release|Any CPU
		{26A7DE27-FA53-43E4-8FDE-1306C48D023E}.AppStore|x64.ActiveCfg = Release|Any CPU
		{26A7DE27-FA53-43E4-8FDE-1306C48D023E}.AppStore|x64.Build.0 = Release|Any CPU
		{26A7DE27-FA53-43E4-8FDE-1306C48D023E}.AppStore|x64.Deploy.0 = Release|Any CPU
		{26A7DE27-FA53-43E4-8FDE-1306C48D023E}.AppStore|x86.ActiveCfg = Release|Any CPU
		{26A7DE27-FA53-43E4-8FDE-1306C48D023E}.AppStore|x86.Build.0 = Release|Any CPU
		{26A7DE27-FA53-43E4-8FDE-1306C48D023E}.AppStore|x86.Deploy.0 = Release|Any CPU
		{26A7DE27-FA53-43E4-8FDE-1306C48D023E}.Debug|Any CPU.ActiveCfg = Debug|Any CPU
		{26A7DE27-FA53-43E4-8FDE-1306C48D023E}.Debug|Any CPU.Build.0 = Debug|Any CPU
		{26A7DE27-FA53-43E4-8FDE-1306C48D023E}.Debug|Any CPU.Deploy.0 = Debug|Any CPU
		{26A7DE27-FA53-43E4-8FDE-1306C48D023E}.Debug|ARM.ActiveCfg = Debug|Any CPU
		{26A7DE27-FA53-43E4-8FDE-1306C48D023E}.Debug|ARM.Build.0 = Debug|Any CPU
		{26A7DE27-FA53-43E4-8FDE-1306C48D023E}.Debug|ARM.Deploy.0 = Debug|Any CPU
		{26A7DE27-FA53-43E4-8FDE-1306C48D023E}.Debug|iPhone.ActiveCfg = Debug|Any CPU
		{26A7DE27-FA53-43E4-8FDE-1306C48D023E}.Debug|iPhoneSimulator.ActiveCfg = Debug|Any CPU
		{26A7DE27-FA53-43E4-8FDE-1306C48D023E}.Debug|x64.ActiveCfg = Debug|Any CPU
		{26A7DE27-FA53-43E4-8FDE-1306C48D023E}.Debug|x64.Build.0 = Debug|Any CPU
		{26A7DE27-FA53-43E4-8FDE-1306C48D023E}.Debug|x64.Deploy.0 = Debug|Any CPU
		{26A7DE27-FA53-43E4-8FDE-1306C48D023E}.Debug|x86.ActiveCfg = Debug|Any CPU
		{26A7DE27-FA53-43E4-8FDE-1306C48D023E}.Debug|x86.Build.0 = Debug|Any CPU
		{26A7DE27-FA53-43E4-8FDE-1306C48D023E}.Debug|x86.Deploy.0 = Debug|Any CPU
		{26A7DE27-FA53-43E4-8FDE-1306C48D023E}.Release Testing|Any CPU.ActiveCfg = Release Testing|Any CPU
		{26A7DE27-FA53-43E4-8FDE-1306C48D023E}.Release Testing|Any CPU.Build.0 = Release Testing|Any CPU
		{26A7DE27-FA53-43E4-8FDE-1306C48D023E}.Release Testing|Any CPU.Deploy.0 = Release Testing|Any CPU
		{26A7DE27-FA53-43E4-8FDE-1306C48D023E}.Release Testing|ARM.ActiveCfg = Release Testing|Any CPU
		{26A7DE27-FA53-43E4-8FDE-1306C48D023E}.Release Testing|iPhone.ActiveCfg = Release Testing|Any CPU
		{26A7DE27-FA53-43E4-8FDE-1306C48D023E}.Release Testing|iPhoneSimulator.ActiveCfg = Release Testing|Any CPU
		{26A7DE27-FA53-43E4-8FDE-1306C48D023E}.Release Testing|x64.ActiveCfg = Release Testing|Any CPU
		{26A7DE27-FA53-43E4-8FDE-1306C48D023E}.Release Testing|x86.ActiveCfg = Release Testing|Any CPU
		{26A7DE27-FA53-43E4-8FDE-1306C48D023E}.Release|Any CPU.ActiveCfg = Release|Any CPU
		{26A7DE27-FA53-43E4-8FDE-1306C48D023E}.Release|Any CPU.Build.0 = Release|Any CPU
		{26A7DE27-FA53-43E4-8FDE-1306C48D023E}.Release|Any CPU.Deploy.0 = Release|Any CPU
		{26A7DE27-FA53-43E4-8FDE-1306C48D023E}.Release|ARM.ActiveCfg = Release|Any CPU
		{26A7DE27-FA53-43E4-8FDE-1306C48D023E}.Release|iPhone.ActiveCfg = Release|Any CPU
		{26A7DE27-FA53-43E4-8FDE-1306C48D023E}.Release|iPhoneSimulator.ActiveCfg = Release|Any CPU
		{26A7DE27-FA53-43E4-8FDE-1306C48D023E}.Release|x64.ActiveCfg = Release|Any CPU
		{26A7DE27-FA53-43E4-8FDE-1306C48D023E}.Release|x86.ActiveCfg = Release|Any CPU
		{40BDFC24-1F26-464F-BE1A-3CAE946C0F62}.Ad-Hoc|Any CPU.ActiveCfg = Ad-Hoc|iPhone
		{40BDFC24-1F26-464F-BE1A-3CAE946C0F62}.Ad-Hoc|ARM.ActiveCfg = Ad-Hoc|iPhone
		{40BDFC24-1F26-464F-BE1A-3CAE946C0F62}.Ad-Hoc|iPhone.ActiveCfg = Ad-Hoc|iPhone
		{40BDFC24-1F26-464F-BE1A-3CAE946C0F62}.Ad-Hoc|iPhone.Build.0 = Ad-Hoc|iPhone
		{40BDFC24-1F26-464F-BE1A-3CAE946C0F62}.Ad-Hoc|iPhoneSimulator.ActiveCfg = Ad-Hoc|iPhoneSimulator
		{40BDFC24-1F26-464F-BE1A-3CAE946C0F62}.Ad-Hoc|iPhoneSimulator.Build.0 = Ad-Hoc|iPhoneSimulator
		{40BDFC24-1F26-464F-BE1A-3CAE946C0F62}.Ad-Hoc|x64.ActiveCfg = Ad-Hoc|iPhone
		{40BDFC24-1F26-464F-BE1A-3CAE946C0F62}.Ad-Hoc|x86.ActiveCfg = Ad-Hoc|iPhone
		{40BDFC24-1F26-464F-BE1A-3CAE946C0F62}.AppStore|Any CPU.ActiveCfg = AppStore|iPhone
		{40BDFC24-1F26-464F-BE1A-3CAE946C0F62}.AppStore|ARM.ActiveCfg = AppStore|iPhone
		{40BDFC24-1F26-464F-BE1A-3CAE946C0F62}.AppStore|iPhone.ActiveCfg = AppStore|iPhone
		{40BDFC24-1F26-464F-BE1A-3CAE946C0F62}.AppStore|iPhone.Build.0 = AppStore|iPhone
		{40BDFC24-1F26-464F-BE1A-3CAE946C0F62}.AppStore|iPhoneSimulator.ActiveCfg = AppStore|iPhoneSimulator
		{40BDFC24-1F26-464F-BE1A-3CAE946C0F62}.AppStore|iPhoneSimulator.Build.0 = AppStore|iPhoneSimulator
		{40BDFC24-1F26-464F-BE1A-3CAE946C0F62}.AppStore|x64.ActiveCfg = AppStore|iPhone
		{40BDFC24-1F26-464F-BE1A-3CAE946C0F62}.AppStore|x86.ActiveCfg = AppStore|iPhone
		{40BDFC24-1F26-464F-BE1A-3CAE946C0F62}.Debug|Any CPU.ActiveCfg = Debug|iPhone
		{40BDFC24-1F26-464F-BE1A-3CAE946C0F62}.Debug|ARM.ActiveCfg = Debug|iPhone
		{40BDFC24-1F26-464F-BE1A-3CAE946C0F62}.Debug|iPhone.ActiveCfg = Debug|iPhone
		{40BDFC24-1F26-464F-BE1A-3CAE946C0F62}.Debug|iPhone.Build.0 = Debug|iPhone
		{40BDFC24-1F26-464F-BE1A-3CAE946C0F62}.Debug|iPhoneSimulator.ActiveCfg = Debug|iPhoneSimulator
		{40BDFC24-1F26-464F-BE1A-3CAE946C0F62}.Debug|iPhoneSimulator.Build.0 = Debug|iPhoneSimulator
		{40BDFC24-1F26-464F-BE1A-3CAE946C0F62}.Debug|iPhoneSimulator.Deploy.0 = Debug|iPhoneSimulator
		{40BDFC24-1F26-464F-BE1A-3CAE946C0F62}.Debug|x64.ActiveCfg = Debug|iPhone
		{40BDFC24-1F26-464F-BE1A-3CAE946C0F62}.Debug|x86.ActiveCfg = Debug|iPhone
		{40BDFC24-1F26-464F-BE1A-3CAE946C0F62}.Release Testing|Any CPU.ActiveCfg = Release Testing|iPhone
		{40BDFC24-1F26-464F-BE1A-3CAE946C0F62}.Release Testing|ARM.ActiveCfg = Release Testing|iPhone
		{40BDFC24-1F26-464F-BE1A-3CAE946C0F62}.Release Testing|iPhone.ActiveCfg = Release Testing|iPhone
		{40BDFC24-1F26-464F-BE1A-3CAE946C0F62}.Release Testing|iPhone.Build.0 = Release Testing|iPhone
		{40BDFC24-1F26-464F-BE1A-3CAE946C0F62}.Release Testing|iPhoneSimulator.ActiveCfg = Release Testing|iPhoneSimulator
		{40BDFC24-1F26-464F-BE1A-3CAE946C0F62}.Release Testing|iPhoneSimulator.Build.0 = Release Testing|iPhoneSimulator
		{40BDFC24-1F26-464F-BE1A-3CAE946C0F62}.Release Testing|x64.ActiveCfg = Release Testing|iPhone
		{40BDFC24-1F26-464F-BE1A-3CAE946C0F62}.Release Testing|x86.ActiveCfg = Release Testing|iPhone
		{40BDFC24-1F26-464F-BE1A-3CAE946C0F62}.Release|Any CPU.ActiveCfg = Release|iPhone
		{40BDFC24-1F26-464F-BE1A-3CAE946C0F62}.Release|ARM.ActiveCfg = Release|iPhone
		{40BDFC24-1F26-464F-BE1A-3CAE946C0F62}.Release|iPhone.ActiveCfg = Release|iPhone
		{40BDFC24-1F26-464F-BE1A-3CAE946C0F62}.Release|iPhone.Build.0 = Release|iPhone
		{40BDFC24-1F26-464F-BE1A-3CAE946C0F62}.Release|iPhoneSimulator.ActiveCfg = Release|iPhoneSimulator
		{40BDFC24-1F26-464F-BE1A-3CAE946C0F62}.Release|iPhoneSimulator.Build.0 = Release|iPhoneSimulator
		{40BDFC24-1F26-464F-BE1A-3CAE946C0F62}.Release|x64.ActiveCfg = Release|iPhone
		{40BDFC24-1F26-464F-BE1A-3CAE946C0F62}.Release|x86.ActiveCfg = Release|iPhone
		{B2077E63-FE86-495B-83AB-4D1BCD09910E}.Ad-Hoc|Any CPU.ActiveCfg = Release|x86
		{B2077E63-FE86-495B-83AB-4D1BCD09910E}.Ad-Hoc|Any CPU.Build.0 = Release|x86
		{B2077E63-FE86-495B-83AB-4D1BCD09910E}.Ad-Hoc|Any CPU.Deploy.0 = Release|x86
		{B2077E63-FE86-495B-83AB-4D1BCD09910E}.Ad-Hoc|ARM.ActiveCfg = Release|ARM
		{B2077E63-FE86-495B-83AB-4D1BCD09910E}.Ad-Hoc|ARM.Build.0 = Release|ARM
		{B2077E63-FE86-495B-83AB-4D1BCD09910E}.Ad-Hoc|ARM.Deploy.0 = Release|ARM
		{B2077E63-FE86-495B-83AB-4D1BCD09910E}.Ad-Hoc|iPhone.ActiveCfg = Release|x86
		{B2077E63-FE86-495B-83AB-4D1BCD09910E}.Ad-Hoc|iPhoneSimulator.ActiveCfg = Release|x86
		{B2077E63-FE86-495B-83AB-4D1BCD09910E}.Ad-Hoc|x64.ActiveCfg = Release|x64
		{B2077E63-FE86-495B-83AB-4D1BCD09910E}.Ad-Hoc|x64.Build.0 = Release|x64
		{B2077E63-FE86-495B-83AB-4D1BCD09910E}.Ad-Hoc|x64.Deploy.0 = Release|x64
		{B2077E63-FE86-495B-83AB-4D1BCD09910E}.Ad-Hoc|x86.ActiveCfg = Release|x86
		{B2077E63-FE86-495B-83AB-4D1BCD09910E}.Ad-Hoc|x86.Build.0 = Release|x86
		{B2077E63-FE86-495B-83AB-4D1BCD09910E}.Ad-Hoc|x86.Deploy.0 = Release|x86
		{B2077E63-FE86-495B-83AB-4D1BCD09910E}.AppStore|Any CPU.ActiveCfg = Release|x86
		{B2077E63-FE86-495B-83AB-4D1BCD09910E}.AppStore|Any CPU.Build.0 = Release|x86
		{B2077E63-FE86-495B-83AB-4D1BCD09910E}.AppStore|Any CPU.Deploy.0 = Release|x86
		{B2077E63-FE86-495B-83AB-4D1BCD09910E}.AppStore|ARM.ActiveCfg = Release|ARM
		{B2077E63-FE86-495B-83AB-4D1BCD09910E}.AppStore|ARM.Build.0 = Release|ARM
		{B2077E63-FE86-495B-83AB-4D1BCD09910E}.AppStore|ARM.Deploy.0 = Release|ARM
		{B2077E63-FE86-495B-83AB-4D1BCD09910E}.AppStore|iPhone.ActiveCfg = Release|x86
		{B2077E63-FE86-495B-83AB-4D1BCD09910E}.AppStore|iPhone.Build.0 = Release|x86
		{B2077E63-FE86-495B-83AB-4D1BCD09910E}.AppStore|iPhone.Deploy.0 = Release|x86
		{B2077E63-FE86-495B-83AB-4D1BCD09910E}.AppStore|iPhoneSimulator.ActiveCfg = Release|x86
		{B2077E63-FE86-495B-83AB-4D1BCD09910E}.AppStore|iPhoneSimulator.Build.0 = Release|x86
		{B2077E63-FE86-495B-83AB-4D1BCD09910E}.AppStore|iPhoneSimulator.Deploy.0 = Release|x86
		{B2077E63-FE86-495B-83AB-4D1BCD09910E}.AppStore|x64.ActiveCfg = Release|x64
		{B2077E63-FE86-495B-83AB-4D1BCD09910E}.AppStore|x64.Build.0 = Release|x64
		{B2077E63-FE86-495B-83AB-4D1BCD09910E}.AppStore|x64.Deploy.0 = Release|x64
		{B2077E63-FE86-495B-83AB-4D1BCD09910E}.AppStore|x86.ActiveCfg = Release|x86
		{B2077E63-FE86-495B-83AB-4D1BCD09910E}.AppStore|x86.Build.0 = Release|x86
		{B2077E63-FE86-495B-83AB-4D1BCD09910E}.AppStore|x86.Deploy.0 = Release|x86
		{B2077E63-FE86-495B-83AB-4D1BCD09910E}.Debug|Any CPU.ActiveCfg = Debug|x86
		{B2077E63-FE86-495B-83AB-4D1BCD09910E}.Debug|Any CPU.Build.0 = Debug|x86
		{B2077E63-FE86-495B-83AB-4D1BCD09910E}.Debug|Any CPU.Deploy.0 = Debug|x86
		{B2077E63-FE86-495B-83AB-4D1BCD09910E}.Debug|ARM.ActiveCfg = Debug|ARM
		{B2077E63-FE86-495B-83AB-4D1BCD09910E}.Debug|ARM.Build.0 = Debug|ARM
		{B2077E63-FE86-495B-83AB-4D1BCD09910E}.Debug|ARM.Deploy.0 = Debug|ARM
		{B2077E63-FE86-495B-83AB-4D1BCD09910E}.Debug|iPhone.ActiveCfg = Debug|x86
		{B2077E63-FE86-495B-83AB-4D1BCD09910E}.Debug|iPhoneSimulator.ActiveCfg = Debug|x86
		{B2077E63-FE86-495B-83AB-4D1BCD09910E}.Debug|x64.ActiveCfg = Debug|x64
		{B2077E63-FE86-495B-83AB-4D1BCD09910E}.Debug|x64.Build.0 = Debug|x64
		{B2077E63-FE86-495B-83AB-4D1BCD09910E}.Debug|x64.Deploy.0 = Debug|x64
		{B2077E63-FE86-495B-83AB-4D1BCD09910E}.Debug|x86.ActiveCfg = Debug|x86
		{B2077E63-FE86-495B-83AB-4D1BCD09910E}.Debug|x86.Build.0 = Debug|x86
		{B2077E63-FE86-495B-83AB-4D1BCD09910E}.Debug|x86.Deploy.0 = Debug|x86
		{B2077E63-FE86-495B-83AB-4D1BCD09910E}.Release Testing|Any CPU.ActiveCfg = Release Testing|x86
		{B2077E63-FE86-495B-83AB-4D1BCD09910E}.Release Testing|ARM.ActiveCfg = Release Testing|ARM
		{B2077E63-FE86-495B-83AB-4D1BCD09910E}.Release Testing|ARM.Build.0 = Release Testing|ARM
		{B2077E63-FE86-495B-83AB-4D1BCD09910E}.Release Testing|ARM.Deploy.0 = Release Testing|ARM
		{B2077E63-FE86-495B-83AB-4D1BCD09910E}.Release Testing|iPhone.ActiveCfg = Release Testing|x86
		{B2077E63-FE86-495B-83AB-4D1BCD09910E}.Release Testing|iPhoneSimulator.ActiveCfg = Release Testing|x86
		{B2077E63-FE86-495B-83AB-4D1BCD09910E}.Release Testing|x64.ActiveCfg = Release Testing|x64
		{B2077E63-FE86-495B-83AB-4D1BCD09910E}.Release Testing|x64.Build.0 = Release Testing|x64
		{B2077E63-FE86-495B-83AB-4D1BCD09910E}.Release Testing|x64.Deploy.0 = Release Testing|x64
		{B2077E63-FE86-495B-83AB-4D1BCD09910E}.Release Testing|x86.ActiveCfg = Release Testing|x86
		{B2077E63-FE86-495B-83AB-4D1BCD09910E}.Release Testing|x86.Build.0 = Release Testing|x86
		{B2077E63-FE86-495B-83AB-4D1BCD09910E}.Release Testing|x86.Deploy.0 = Release Testing|x86
		{B2077E63-FE86-495B-83AB-4D1BCD09910E}.Release|Any CPU.ActiveCfg = Release|x86
		{B2077E63-FE86-495B-83AB-4D1BCD09910E}.Release|ARM.ActiveCfg = Release|ARM
		{B2077E63-FE86-495B-83AB-4D1BCD09910E}.Release|ARM.Build.0 = Release|ARM
		{B2077E63-FE86-495B-83AB-4D1BCD09910E}.Release|ARM.Deploy.0 = Release|ARM
		{B2077E63-FE86-495B-83AB-4D1BCD09910E}.Release|iPhone.ActiveCfg = Release|x86
		{B2077E63-FE86-495B-83AB-4D1BCD09910E}.Release|iPhoneSimulator.ActiveCfg = Release|x86
		{B2077E63-FE86-495B-83AB-4D1BCD09910E}.Release|x64.ActiveCfg = Release|x64
		{B2077E63-FE86-495B-83AB-4D1BCD09910E}.Release|x64.Build.0 = Release|x64
		{B2077E63-FE86-495B-83AB-4D1BCD09910E}.Release|x64.Deploy.0 = Release|x64
		{B2077E63-FE86-495B-83AB-4D1BCD09910E}.Release|x86.ActiveCfg = Release|x86
		{B2077E63-FE86-495B-83AB-4D1BCD09910E}.Release|x86.Build.0 = Release|x86
		{B2077E63-FE86-495B-83AB-4D1BCD09910E}.Release|x86.Deploy.0 = Release|x86
		{22049EBC-7A70-4F29-B9EE-FF0B02F82371}.Ad-Hoc|Any CPU.ActiveCfg = Release|Any CPU
		{22049EBC-7A70-4F29-B9EE-FF0B02F82371}.Ad-Hoc|Any CPU.Build.0 = Release|Any CPU
		{22049EBC-7A70-4F29-B9EE-FF0B02F82371}.Ad-Hoc|ARM.ActiveCfg = Release|Any CPU
		{22049EBC-7A70-4F29-B9EE-FF0B02F82371}.Ad-Hoc|ARM.Build.0 = Release|Any CPU
		{22049EBC-7A70-4F29-B9EE-FF0B02F82371}.Ad-Hoc|iPhone.ActiveCfg = Release|Any CPU
		{22049EBC-7A70-4F29-B9EE-FF0B02F82371}.Ad-Hoc|iPhone.Build.0 = Release|Any CPU
		{22049EBC-7A70-4F29-B9EE-FF0B02F82371}.Ad-Hoc|iPhoneSimulator.ActiveCfg = Release|Any CPU
		{22049EBC-7A70-4F29-B9EE-FF0B02F82371}.Ad-Hoc|iPhoneSimulator.Build.0 = Release|Any CPU
		{22049EBC-7A70-4F29-B9EE-FF0B02F82371}.Ad-Hoc|x64.ActiveCfg = Release|Any CPU
		{22049EBC-7A70-4F29-B9EE-FF0B02F82371}.Ad-Hoc|x64.Build.0 = Release|Any CPU
		{22049EBC-7A70-4F29-B9EE-FF0B02F82371}.Ad-Hoc|x86.ActiveCfg = Release|Any CPU
		{22049EBC-7A70-4F29-B9EE-FF0B02F82371}.Ad-Hoc|x86.Build.0 = Release|Any CPU
		{22049EBC-7A70-4F29-B9EE-FF0B02F82371}.AppStore|Any CPU.ActiveCfg = Release|Any CPU
		{22049EBC-7A70-4F29-B9EE-FF0B02F82371}.AppStore|Any CPU.Build.0 = Release|Any CPU
		{22049EBC-7A70-4F29-B9EE-FF0B02F82371}.AppStore|ARM.ActiveCfg = Release|Any CPU
		{22049EBC-7A70-4F29-B9EE-FF0B02F82371}.AppStore|ARM.Build.0 = Release|Any CPU
		{22049EBC-7A70-4F29-B9EE-FF0B02F82371}.AppStore|iPhone.ActiveCfg = Release|Any CPU
		{22049EBC-7A70-4F29-B9EE-FF0B02F82371}.AppStore|iPhone.Build.0 = Release|Any CPU
		{22049EBC-7A70-4F29-B9EE-FF0B02F82371}.AppStore|iPhoneSimulator.ActiveCfg = Release|Any CPU
		{22049EBC-7A70-4F29-B9EE-FF0B02F82371}.AppStore|iPhoneSimulator.Build.0 = Release|Any CPU
		{22049EBC-7A70-4F29-B9EE-FF0B02F82371}.AppStore|x64.ActiveCfg = Release|Any CPU
		{22049EBC-7A70-4F29-B9EE-FF0B02F82371}.AppStore|x64.Build.0 = Release|Any CPU
		{22049EBC-7A70-4F29-B9EE-FF0B02F82371}.AppStore|x86.ActiveCfg = Release|Any CPU
		{22049EBC-7A70-4F29-B9EE-FF0B02F82371}.AppStore|x86.Build.0 = Release|Any CPU
		{22049EBC-7A70-4F29-B9EE-FF0B02F82371}.Debug|Any CPU.ActiveCfg = Debug|Any CPU
		{22049EBC-7A70-4F29-B9EE-FF0B02F82371}.Debug|Any CPU.Build.0 = Debug|Any CPU
		{22049EBC-7A70-4F29-B9EE-FF0B02F82371}.Debug|ARM.ActiveCfg = Debug|Any CPU
		{22049EBC-7A70-4F29-B9EE-FF0B02F82371}.Debug|ARM.Build.0 = Debug|Any CPU
		{22049EBC-7A70-4F29-B9EE-FF0B02F82371}.Debug|iPhone.ActiveCfg = Debug|Any CPU
		{22049EBC-7A70-4F29-B9EE-FF0B02F82371}.Debug|iPhone.Build.0 = Debug|Any CPU
		{22049EBC-7A70-4F29-B9EE-FF0B02F82371}.Debug|iPhoneSimulator.ActiveCfg = Debug|Any CPU
		{22049EBC-7A70-4F29-B9EE-FF0B02F82371}.Debug|iPhoneSimulator.Build.0 = Debug|Any CPU
		{22049EBC-7A70-4F29-B9EE-FF0B02F82371}.Debug|x64.ActiveCfg = Debug|Any CPU
		{22049EBC-7A70-4F29-B9EE-FF0B02F82371}.Debug|x64.Build.0 = Debug|Any CPU
		{22049EBC-7A70-4F29-B9EE-FF0B02F82371}.Debug|x86.ActiveCfg = Debug|Any CPU
		{22049EBC-7A70-4F29-B9EE-FF0B02F82371}.Debug|x86.Build.0 = Debug|Any CPU
		{22049EBC-7A70-4F29-B9EE-FF0B02F82371}.Release Testing|Any CPU.ActiveCfg = Release Testing|Any CPU
		{22049EBC-7A70-4F29-B9EE-FF0B02F82371}.Release Testing|Any CPU.Build.0 = Release Testing|Any CPU
		{22049EBC-7A70-4F29-B9EE-FF0B02F82371}.Release Testing|ARM.ActiveCfg = Release Testing|Any CPU
		{22049EBC-7A70-4F29-B9EE-FF0B02F82371}.Release Testing|ARM.Build.0 = Release Testing|Any CPU
		{22049EBC-7A70-4F29-B9EE-FF0B02F82371}.Release Testing|iPhone.ActiveCfg = Release Testing|Any CPU
		{22049EBC-7A70-4F29-B9EE-FF0B02F82371}.Release Testing|iPhone.Build.0 = Release Testing|Any CPU
		{22049EBC-7A70-4F29-B9EE-FF0B02F82371}.Release Testing|iPhoneSimulator.ActiveCfg = Release Testing|Any CPU
		{22049EBC-7A70-4F29-B9EE-FF0B02F82371}.Release Testing|iPhoneSimulator.Build.0 = Release Testing|Any CPU
		{22049EBC-7A70-4F29-B9EE-FF0B02F82371}.Release Testing|x64.ActiveCfg = Release Testing|Any CPU
		{22049EBC-7A70-4F29-B9EE-FF0B02F82371}.Release Testing|x64.Build.0 = Release Testing|Any CPU
		{22049EBC-7A70-4F29-B9EE-FF0B02F82371}.Release Testing|x86.ActiveCfg = Release Testing|Any CPU
		{22049EBC-7A70-4F29-B9EE-FF0B02F82371}.Release Testing|x86.Build.0 = Release Testing|Any CPU
		{22049EBC-7A70-4F29-B9EE-FF0B02F82371}.Release|Any CPU.ActiveCfg = Release|Any CPU
		{22049EBC-7A70-4F29-B9EE-FF0B02F82371}.Release|Any CPU.Build.0 = Release|Any CPU
		{22049EBC-7A70-4F29-B9EE-FF0B02F82371}.Release|ARM.ActiveCfg = Release|Any CPU
		{22049EBC-7A70-4F29-B9EE-FF0B02F82371}.Release|ARM.Build.0 = Release|Any CPU
		{22049EBC-7A70-4F29-B9EE-FF0B02F82371}.Release|iPhone.ActiveCfg = Release|Any CPU
		{22049EBC-7A70-4F29-B9EE-FF0B02F82371}.Release|iPhone.Build.0 = Release|Any CPU
		{22049EBC-7A70-4F29-B9EE-FF0B02F82371}.Release|iPhoneSimulator.ActiveCfg = Release|Any CPU
		{22049EBC-7A70-4F29-B9EE-FF0B02F82371}.Release|iPhoneSimulator.Build.0 = Release|Any CPU
		{22049EBC-7A70-4F29-B9EE-FF0B02F82371}.Release|x64.ActiveCfg = Release|Any CPU
		{22049EBC-7A70-4F29-B9EE-FF0B02F82371}.Release|x64.Build.0 = Release|Any CPU
		{22049EBC-7A70-4F29-B9EE-FF0B02F82371}.Release|x86.ActiveCfg = Release|Any CPU
		{22049EBC-7A70-4F29-B9EE-FF0B02F82371}.Release|x86.Build.0 = Release|Any CPU
		{8517B20C-9BD8-48E6-84E2-32813372750A}.Ad-Hoc|Any CPU.ActiveCfg = Release|Any CPU
		{8517B20C-9BD8-48E6-84E2-32813372750A}.Ad-Hoc|Any CPU.Build.0 = Release|Any CPU
		{8517B20C-9BD8-48E6-84E2-32813372750A}.Ad-Hoc|ARM.ActiveCfg = Release|Any CPU
		{8517B20C-9BD8-48E6-84E2-32813372750A}.Ad-Hoc|iPhone.ActiveCfg = Release|Any CPU
		{8517B20C-9BD8-48E6-84E2-32813372750A}.Ad-Hoc|iPhoneSimulator.ActiveCfg = Release|Any CPU
		{8517B20C-9BD8-48E6-84E2-32813372750A}.Ad-Hoc|x64.ActiveCfg = Release|Any CPU
		{8517B20C-9BD8-48E6-84E2-32813372750A}.Ad-Hoc|x86.ActiveCfg = Release|Any CPU
		{8517B20C-9BD8-48E6-84E2-32813372750A}.AppStore|Any CPU.ActiveCfg = Release|Any CPU
		{8517B20C-9BD8-48E6-84E2-32813372750A}.AppStore|Any CPU.Build.0 = Release|Any CPU
		{8517B20C-9BD8-48E6-84E2-32813372750A}.AppStore|ARM.ActiveCfg = Release|Any CPU
		{8517B20C-9BD8-48E6-84E2-32813372750A}.AppStore|ARM.Build.0 = Release|Any CPU
		{8517B20C-9BD8-48E6-84E2-32813372750A}.AppStore|iPhone.ActiveCfg = Release|Any CPU
		{8517B20C-9BD8-48E6-84E2-32813372750A}.AppStore|iPhone.Build.0 = Release|Any CPU
		{8517B20C-9BD8-48E6-84E2-32813372750A}.AppStore|iPhoneSimulator.ActiveCfg = Release|Any CPU
		{8517B20C-9BD8-48E6-84E2-32813372750A}.AppStore|iPhoneSimulator.Build.0 = Release|Any CPU
		{8517B20C-9BD8-48E6-84E2-32813372750A}.AppStore|x64.ActiveCfg = Release|Any CPU
		{8517B20C-9BD8-48E6-84E2-32813372750A}.AppStore|x64.Build.0 = Release|Any CPU
		{8517B20C-9BD8-48E6-84E2-32813372750A}.AppStore|x86.ActiveCfg = Release|Any CPU
		{8517B20C-9BD8-48E6-84E2-32813372750A}.AppStore|x86.Build.0 = Release|Any CPU
		{8517B20C-9BD8-48E6-84E2-32813372750A}.Debug|Any CPU.ActiveCfg = Debug|Any CPU
		{8517B20C-9BD8-48E6-84E2-32813372750A}.Debug|ARM.ActiveCfg = Debug|Any CPU
		{8517B20C-9BD8-48E6-84E2-32813372750A}.Debug|iPhone.ActiveCfg = Debug|Any CPU
		{8517B20C-9BD8-48E6-84E2-32813372750A}.Debug|iPhoneSimulator.ActiveCfg = Debug|Any CPU
		{8517B20C-9BD8-48E6-84E2-32813372750A}.Debug|x64.ActiveCfg = Debug|Any CPU
		{8517B20C-9BD8-48E6-84E2-32813372750A}.Debug|x86.ActiveCfg = Debug|Any CPU
		{8517B20C-9BD8-48E6-84E2-32813372750A}.Release Testing|Any CPU.ActiveCfg = Release Testing|Any CPU
		{8517B20C-9BD8-48E6-84E2-32813372750A}.Release Testing|ARM.ActiveCfg = Release Testing|Any CPU
		{8517B20C-9BD8-48E6-84E2-32813372750A}.Release Testing|iPhone.ActiveCfg = Release Testing|Any CPU
		{8517B20C-9BD8-48E6-84E2-32813372750A}.Release Testing|iPhoneSimulator.ActiveCfg = Release Testing|Any CPU
		{8517B20C-9BD8-48E6-84E2-32813372750A}.Release Testing|x64.ActiveCfg = Release Testing|Any CPU
		{8517B20C-9BD8-48E6-84E2-32813372750A}.Release Testing|x86.ActiveCfg = Release Testing|Any CPU
		{8517B20C-9BD8-48E6-84E2-32813372750A}.Release|Any CPU.ActiveCfg = Release|Any CPU
		{8517B20C-9BD8-48E6-84E2-32813372750A}.Release|ARM.ActiveCfg = Release|Any CPU
		{8517B20C-9BD8-48E6-84E2-32813372750A}.Release|iPhone.ActiveCfg = Release|Any CPU
		{8517B20C-9BD8-48E6-84E2-32813372750A}.Release|iPhoneSimulator.ActiveCfg = Release|Any CPU
		{8517B20C-9BD8-48E6-84E2-32813372750A}.Release|x64.ActiveCfg = Release|Any CPU
		{8517B20C-9BD8-48E6-84E2-32813372750A}.Release|x86.ActiveCfg = Release|Any CPU
		{A3136600-16A1-40C5-83D7-553E9B2D1EC1}.Ad-Hoc|Any CPU.ActiveCfg = Release|Any CPU
		{A3136600-16A1-40C5-83D7-553E9B2D1EC1}.Ad-Hoc|Any CPU.Build.0 = Release|Any CPU
		{A3136600-16A1-40C5-83D7-553E9B2D1EC1}.Ad-Hoc|ARM.ActiveCfg = Release|Any CPU
		{A3136600-16A1-40C5-83D7-553E9B2D1EC1}.Ad-Hoc|ARM.Build.0 = Release|Any CPU
		{A3136600-16A1-40C5-83D7-553E9B2D1EC1}.Ad-Hoc|iPhone.ActiveCfg = Release|Any CPU
		{A3136600-16A1-40C5-83D7-553E9B2D1EC1}.Ad-Hoc|iPhoneSimulator.ActiveCfg = Release|Any CPU
		{A3136600-16A1-40C5-83D7-553E9B2D1EC1}.Ad-Hoc|x64.ActiveCfg = Release|Any CPU
		{A3136600-16A1-40C5-83D7-553E9B2D1EC1}.Ad-Hoc|x64.Build.0 = Release|Any CPU
		{A3136600-16A1-40C5-83D7-553E9B2D1EC1}.Ad-Hoc|x86.ActiveCfg = Release|Any CPU
		{A3136600-16A1-40C5-83D7-553E9B2D1EC1}.Ad-Hoc|x86.Build.0 = Release|Any CPU
		{A3136600-16A1-40C5-83D7-553E9B2D1EC1}.AppStore|Any CPU.ActiveCfg = Release|Any CPU
		{A3136600-16A1-40C5-83D7-553E9B2D1EC1}.AppStore|Any CPU.Build.0 = Release|Any CPU
		{A3136600-16A1-40C5-83D7-553E9B2D1EC1}.AppStore|ARM.ActiveCfg = Release|Any CPU
		{A3136600-16A1-40C5-83D7-553E9B2D1EC1}.AppStore|ARM.Build.0 = Release|Any CPU
		{A3136600-16A1-40C5-83D7-553E9B2D1EC1}.AppStore|iPhone.ActiveCfg = Release|Any CPU
		{A3136600-16A1-40C5-83D7-553E9B2D1EC1}.AppStore|iPhone.Build.0 = Release|Any CPU
		{A3136600-16A1-40C5-83D7-553E9B2D1EC1}.AppStore|iPhoneSimulator.ActiveCfg = Release|Any CPU
		{A3136600-16A1-40C5-83D7-553E9B2D1EC1}.AppStore|iPhoneSimulator.Build.0 = Release|Any CPU
		{A3136600-16A1-40C5-83D7-553E9B2D1EC1}.AppStore|x64.ActiveCfg = Release|Any CPU
		{A3136600-16A1-40C5-83D7-553E9B2D1EC1}.AppStore|x64.Build.0 = Release|Any CPU
		{A3136600-16A1-40C5-83D7-553E9B2D1EC1}.AppStore|x86.ActiveCfg = Release|Any CPU
		{A3136600-16A1-40C5-83D7-553E9B2D1EC1}.AppStore|x86.Build.0 = Release|Any CPU
		{A3136600-16A1-40C5-83D7-553E9B2D1EC1}.Debug|Any CPU.ActiveCfg = Debug|Any CPU
		{A3136600-16A1-40C5-83D7-553E9B2D1EC1}.Debug|Any CPU.Build.0 = Debug|Any CPU
		{A3136600-16A1-40C5-83D7-553E9B2D1EC1}.Debug|ARM.ActiveCfg = Debug|Any CPU
		{A3136600-16A1-40C5-83D7-553E9B2D1EC1}.Debug|ARM.Build.0 = Debug|Any CPU
		{A3136600-16A1-40C5-83D7-553E9B2D1EC1}.Debug|iPhone.ActiveCfg = Debug|Any CPU
		{A3136600-16A1-40C5-83D7-553E9B2D1EC1}.Debug|iPhoneSimulator.ActiveCfg = Debug|Any CPU
		{A3136600-16A1-40C5-83D7-553E9B2D1EC1}.Debug|x64.ActiveCfg = Debug|Any CPU
		{A3136600-16A1-40C5-83D7-553E9B2D1EC1}.Debug|x64.Build.0 = Debug|Any CPU
		{A3136600-16A1-40C5-83D7-553E9B2D1EC1}.Debug|x86.ActiveCfg = Debug|Any CPU
		{A3136600-16A1-40C5-83D7-553E9B2D1EC1}.Debug|x86.Build.0 = Debug|Any CPU
		{A3136600-16A1-40C5-83D7-553E9B2D1EC1}.Release Testing|Any CPU.ActiveCfg = Release Testing|Any CPU
		{A3136600-16A1-40C5-83D7-553E9B2D1EC1}.Release Testing|Any CPU.Build.0 = Release Testing|Any CPU
		{A3136600-16A1-40C5-83D7-553E9B2D1EC1}.Release Testing|ARM.ActiveCfg = Release Testing|Any CPU
		{A3136600-16A1-40C5-83D7-553E9B2D1EC1}.Release Testing|ARM.Build.0 = Release Testing|Any CPU
		{A3136600-16A1-40C5-83D7-553E9B2D1EC1}.Release Testing|iPhone.ActiveCfg = Release Testing|Any CPU
		{A3136600-16A1-40C5-83D7-553E9B2D1EC1}.Release Testing|iPhone.Build.0 = Release Testing|Any CPU
		{A3136600-16A1-40C5-83D7-553E9B2D1EC1}.Release Testing|iPhoneSimulator.ActiveCfg = Release Testing|Any CPU
		{A3136600-16A1-40C5-83D7-553E9B2D1EC1}.Release Testing|iPhoneSimulator.Build.0 = Release Testing|Any CPU
		{A3136600-16A1-40C5-83D7-553E9B2D1EC1}.Release Testing|x64.ActiveCfg = Release Testing|Any CPU
		{A3136600-16A1-40C5-83D7-553E9B2D1EC1}.Release Testing|x64.Build.0 = Release Testing|Any CPU
		{A3136600-16A1-40C5-83D7-553E9B2D1EC1}.Release Testing|x86.ActiveCfg = Release Testing|Any CPU
		{A3136600-16A1-40C5-83D7-553E9B2D1EC1}.Release Testing|x86.Build.0 = Release Testing|Any CPU
		{A3136600-16A1-40C5-83D7-553E9B2D1EC1}.Release|Any CPU.ActiveCfg = Release|Any CPU
		{A3136600-16A1-40C5-83D7-553E9B2D1EC1}.Release|ARM.ActiveCfg = Release|Any CPU
		{A3136600-16A1-40C5-83D7-553E9B2D1EC1}.Release|iPhone.ActiveCfg = Release|Any CPU
		{A3136600-16A1-40C5-83D7-553E9B2D1EC1}.Release|iPhoneSimulator.ActiveCfg = Release|Any CPU
		{A3136600-16A1-40C5-83D7-553E9B2D1EC1}.Release|x64.ActiveCfg = Release|Any CPU
		{A3136600-16A1-40C5-83D7-553E9B2D1EC1}.Release|x86.ActiveCfg = Release|Any CPU
		{D9193A56-3EFA-4400-9813-3297EEFEB193}.Ad-Hoc|Any CPU.ActiveCfg = Ad-Hoc|iPhone
		{D9193A56-3EFA-4400-9813-3297EEFEB193}.Ad-Hoc|ARM.ActiveCfg = Ad-Hoc|iPhone
		{D9193A56-3EFA-4400-9813-3297EEFEB193}.Ad-Hoc|iPhone.ActiveCfg = Ad-Hoc|iPhone
		{D9193A56-3EFA-4400-9813-3297EEFEB193}.Ad-Hoc|iPhoneSimulator.ActiveCfg = Ad-Hoc|iPhoneSimulator
		{D9193A56-3EFA-4400-9813-3297EEFEB193}.Ad-Hoc|x64.ActiveCfg = Ad-Hoc|iPhone
		{D9193A56-3EFA-4400-9813-3297EEFEB193}.Ad-Hoc|x86.ActiveCfg = Ad-Hoc|iPhone
		{D9193A56-3EFA-4400-9813-3297EEFEB193}.AppStore|Any CPU.ActiveCfg = AppStore|iPhone
		{D9193A56-3EFA-4400-9813-3297EEFEB193}.AppStore|ARM.ActiveCfg = AppStore|iPhone
		{D9193A56-3EFA-4400-9813-3297EEFEB193}.AppStore|iPhone.ActiveCfg = AppStore|iPhone
		{D9193A56-3EFA-4400-9813-3297EEFEB193}.AppStore|iPhoneSimulator.ActiveCfg = AppStore|iPhoneSimulator
		{D9193A56-3EFA-4400-9813-3297EEFEB193}.AppStore|iPhoneSimulator.Build.0 = AppStore|iPhoneSimulator
		{D9193A56-3EFA-4400-9813-3297EEFEB193}.AppStore|x64.ActiveCfg = AppStore|iPhone
		{D9193A56-3EFA-4400-9813-3297EEFEB193}.AppStore|x86.ActiveCfg = AppStore|iPhone
		{D9193A56-3EFA-4400-9813-3297EEFEB193}.Debug|Any CPU.ActiveCfg = Debug|iPhone
		{D9193A56-3EFA-4400-9813-3297EEFEB193}.Debug|ARM.ActiveCfg = Debug|iPhone
		{D9193A56-3EFA-4400-9813-3297EEFEB193}.Debug|iPhone.ActiveCfg = Debug|iPhone
		{D9193A56-3EFA-4400-9813-3297EEFEB193}.Debug|iPhoneSimulator.ActiveCfg = Debug|iPhoneSimulator
		{D9193A56-3EFA-4400-9813-3297EEFEB193}.Debug|x64.ActiveCfg = Debug|iPhone
		{D9193A56-3EFA-4400-9813-3297EEFEB193}.Debug|x86.ActiveCfg = Debug|iPhone
		{D9193A56-3EFA-4400-9813-3297EEFEB193}.Release Testing|Any CPU.ActiveCfg = Release Testing|iPhone
		{D9193A56-3EFA-4400-9813-3297EEFEB193}.Release Testing|ARM.ActiveCfg = Release Testing|iPhone
		{D9193A56-3EFA-4400-9813-3297EEFEB193}.Release Testing|iPhone.ActiveCfg = Release Testing|iPhone
		{D9193A56-3EFA-4400-9813-3297EEFEB193}.Release Testing|iPhone.Build.0 = Release Testing|iPhone
		{D9193A56-3EFA-4400-9813-3297EEFEB193}.Release Testing|iPhone.Deploy.0 = Release Testing|iPhone
		{D9193A56-3EFA-4400-9813-3297EEFEB193}.Release Testing|iPhoneSimulator.ActiveCfg = Release Testing|iPhoneSimulator
		{D9193A56-3EFA-4400-9813-3297EEFEB193}.Release Testing|iPhoneSimulator.Build.0 = Release Testing|iPhoneSimulator
		{D9193A56-3EFA-4400-9813-3297EEFEB193}.Release Testing|x64.ActiveCfg = Release Testing|iPhone
		{D9193A56-3EFA-4400-9813-3297EEFEB193}.Release Testing|x86.ActiveCfg = Release Testing|iPhone
		{D9193A56-3EFA-4400-9813-3297EEFEB193}.Release|Any CPU.ActiveCfg = Release|iPhone
		{D9193A56-3EFA-4400-9813-3297EEFEB193}.Release|ARM.ActiveCfg = Release|iPhone
		{D9193A56-3EFA-4400-9813-3297EEFEB193}.Release|iPhone.ActiveCfg = Release|iPhone
		{D9193A56-3EFA-4400-9813-3297EEFEB193}.Release|iPhoneSimulator.ActiveCfg = Release|iPhoneSimulator
		{D9193A56-3EFA-4400-9813-3297EEFEB193}.Release|x64.ActiveCfg = Release|iPhone
		{D9193A56-3EFA-4400-9813-3297EEFEB193}.Release|x86.ActiveCfg = Release|iPhone
		{687A748A-68AD-4647-9DCC-8251FA5D625E}.Ad-Hoc|Any CPU.ActiveCfg = Release|Any CPU
		{687A748A-68AD-4647-9DCC-8251FA5D625E}.Ad-Hoc|Any CPU.Build.0 = Release|Any CPU
		{687A748A-68AD-4647-9DCC-8251FA5D625E}.Ad-Hoc|Any CPU.Deploy.0 = Release|Any CPU
		{687A748A-68AD-4647-9DCC-8251FA5D625E}.Ad-Hoc|ARM.ActiveCfg = Release|Any CPU
		{687A748A-68AD-4647-9DCC-8251FA5D625E}.Ad-Hoc|ARM.Build.0 = Release|Any CPU
		{687A748A-68AD-4647-9DCC-8251FA5D625E}.Ad-Hoc|ARM.Deploy.0 = Release|Any CPU
		{687A748A-68AD-4647-9DCC-8251FA5D625E}.Ad-Hoc|iPhone.ActiveCfg = Release|Any CPU
		{687A748A-68AD-4647-9DCC-8251FA5D625E}.Ad-Hoc|iPhoneSimulator.ActiveCfg = Release|Any CPU
		{687A748A-68AD-4647-9DCC-8251FA5D625E}.Ad-Hoc|x64.ActiveCfg = Release|Any CPU
		{687A748A-68AD-4647-9DCC-8251FA5D625E}.Ad-Hoc|x64.Build.0 = Release|Any CPU
		{687A748A-68AD-4647-9DCC-8251FA5D625E}.Ad-Hoc|x64.Deploy.0 = Release|Any CPU
		{687A748A-68AD-4647-9DCC-8251FA5D625E}.Ad-Hoc|x86.ActiveCfg = Release|Any CPU
		{687A748A-68AD-4647-9DCC-8251FA5D625E}.Ad-Hoc|x86.Build.0 = Release|Any CPU
		{687A748A-68AD-4647-9DCC-8251FA5D625E}.Ad-Hoc|x86.Deploy.0 = Release|Any CPU
		{687A748A-68AD-4647-9DCC-8251FA5D625E}.AppStore|Any CPU.ActiveCfg = Release|Any CPU
		{687A748A-68AD-4647-9DCC-8251FA5D625E}.AppStore|Any CPU.Build.0 = Release|Any CPU
		{687A748A-68AD-4647-9DCC-8251FA5D625E}.AppStore|Any CPU.Deploy.0 = Release|Any CPU
		{687A748A-68AD-4647-9DCC-8251FA5D625E}.AppStore|ARM.ActiveCfg = Release|Any CPU
		{687A748A-68AD-4647-9DCC-8251FA5D625E}.AppStore|ARM.Build.0 = Release|Any CPU
		{687A748A-68AD-4647-9DCC-8251FA5D625E}.AppStore|ARM.Deploy.0 = Release|Any CPU
		{687A748A-68AD-4647-9DCC-8251FA5D625E}.AppStore|iPhone.ActiveCfg = Release|Any CPU
		{687A748A-68AD-4647-9DCC-8251FA5D625E}.AppStore|iPhone.Build.0 = Release|Any CPU
		{687A748A-68AD-4647-9DCC-8251FA5D625E}.AppStore|iPhone.Deploy.0 = Release|Any CPU
		{687A748A-68AD-4647-9DCC-8251FA5D625E}.AppStore|iPhoneSimulator.ActiveCfg = Release|Any CPU
		{687A748A-68AD-4647-9DCC-8251FA5D625E}.AppStore|iPhoneSimulator.Build.0 = Release|Any CPU
		{687A748A-68AD-4647-9DCC-8251FA5D625E}.AppStore|iPhoneSimulator.Deploy.0 = Release|Any CPU
		{687A748A-68AD-4647-9DCC-8251FA5D625E}.AppStore|x64.ActiveCfg = Release|Any CPU
		{687A748A-68AD-4647-9DCC-8251FA5D625E}.AppStore|x64.Build.0 = Release|Any CPU
		{687A748A-68AD-4647-9DCC-8251FA5D625E}.AppStore|x64.Deploy.0 = Release|Any CPU
		{687A748A-68AD-4647-9DCC-8251FA5D625E}.AppStore|x86.ActiveCfg = Release|Any CPU
		{687A748A-68AD-4647-9DCC-8251FA5D625E}.AppStore|x86.Build.0 = Release|Any CPU
		{687A748A-68AD-4647-9DCC-8251FA5D625E}.AppStore|x86.Deploy.0 = Release|Any CPU
		{687A748A-68AD-4647-9DCC-8251FA5D625E}.Debug|Any CPU.ActiveCfg = Debug|Any CPU
		{687A748A-68AD-4647-9DCC-8251FA5D625E}.Debug|Any CPU.Build.0 = Debug|Any CPU
		{687A748A-68AD-4647-9DCC-8251FA5D625E}.Debug|Any CPU.Deploy.0 = Debug|Any CPU
		{687A748A-68AD-4647-9DCC-8251FA5D625E}.Debug|ARM.ActiveCfg = Debug|Any CPU
		{687A748A-68AD-4647-9DCC-8251FA5D625E}.Debug|ARM.Build.0 = Debug|Any CPU
		{687A748A-68AD-4647-9DCC-8251FA5D625E}.Debug|ARM.Deploy.0 = Debug|Any CPU
		{687A748A-68AD-4647-9DCC-8251FA5D625E}.Debug|iPhone.ActiveCfg = Debug|Any CPU
		{687A748A-68AD-4647-9DCC-8251FA5D625E}.Debug|iPhoneSimulator.ActiveCfg = Debug|Any CPU
		{687A748A-68AD-4647-9DCC-8251FA5D625E}.Debug|x64.ActiveCfg = Debug|Any CPU
		{687A748A-68AD-4647-9DCC-8251FA5D625E}.Debug|x64.Build.0 = Debug|Any CPU
		{687A748A-68AD-4647-9DCC-8251FA5D625E}.Debug|x64.Deploy.0 = Debug|Any CPU
		{687A748A-68AD-4647-9DCC-8251FA5D625E}.Debug|x86.ActiveCfg = Debug|Any CPU
		{687A748A-68AD-4647-9DCC-8251FA5D625E}.Debug|x86.Build.0 = Debug|Any CPU
		{687A748A-68AD-4647-9DCC-8251FA5D625E}.Debug|x86.Deploy.0 = Debug|Any CPU
		{687A748A-68AD-4647-9DCC-8251FA5D625E}.Release Testing|Any CPU.ActiveCfg = Release Testing|Any CPU
		{687A748A-68AD-4647-9DCC-8251FA5D625E}.Release Testing|Any CPU.Build.0 = Release Testing|Any CPU
		{687A748A-68AD-4647-9DCC-8251FA5D625E}.Release Testing|Any CPU.Deploy.0 = Release Testing|Any CPU
		{687A748A-68AD-4647-9DCC-8251FA5D625E}.Release Testing|ARM.ActiveCfg = Release Testing|Any CPU
		{687A748A-68AD-4647-9DCC-8251FA5D625E}.Release Testing|iPhone.ActiveCfg = Release Testing|Any CPU
		{687A748A-68AD-4647-9DCC-8251FA5D625E}.Release Testing|iPhoneSimulator.ActiveCfg = Release Testing|Any CPU
		{687A748A-68AD-4647-9DCC-8251FA5D625E}.Release Testing|x64.ActiveCfg = Release Testing|Any CPU
		{687A748A-68AD-4647-9DCC-8251FA5D625E}.Release Testing|x86.ActiveCfg = Release Testing|Any CPU
		{687A748A-68AD-4647-9DCC-8251FA5D625E}.Release|Any CPU.ActiveCfg = Release|Any CPU
		{687A748A-68AD-4647-9DCC-8251FA5D625E}.Release|ARM.ActiveCfg = Release|Any CPU
		{687A748A-68AD-4647-9DCC-8251FA5D625E}.Release|iPhone.ActiveCfg = Release|Any CPU
		{687A748A-68AD-4647-9DCC-8251FA5D625E}.Release|iPhoneSimulator.ActiveCfg = Release|Any CPU
		{687A748A-68AD-4647-9DCC-8251FA5D625E}.Release|x64.ActiveCfg = Release|Any CPU
		{687A748A-68AD-4647-9DCC-8251FA5D625E}.Release|x86.ActiveCfg = Release|Any CPU
		{ADF7B0EC-F396-43CA-A67E-8491E0A785B9}.Ad-Hoc|Any CPU.ActiveCfg = Release|x64
		{ADF7B0EC-F396-43CA-A67E-8491E0A785B9}.Ad-Hoc|Any CPU.Build.0 = Release|x64
		{ADF7B0EC-F396-43CA-A67E-8491E0A785B9}.Ad-Hoc|Any CPU.Deploy.0 = Release|x64
		{ADF7B0EC-F396-43CA-A67E-8491E0A785B9}.Ad-Hoc|ARM.ActiveCfg = Release|ARM
		{ADF7B0EC-F396-43CA-A67E-8491E0A785B9}.Ad-Hoc|ARM.Build.0 = Release|ARM
		{ADF7B0EC-F396-43CA-A67E-8491E0A785B9}.Ad-Hoc|ARM.Deploy.0 = Release|ARM
		{ADF7B0EC-F396-43CA-A67E-8491E0A785B9}.Ad-Hoc|iPhone.ActiveCfg = Release|x64
		{ADF7B0EC-F396-43CA-A67E-8491E0A785B9}.Ad-Hoc|iPhoneSimulator.ActiveCfg = Release|x64
		{ADF7B0EC-F396-43CA-A67E-8491E0A785B9}.Ad-Hoc|x64.ActiveCfg = Release|x64
		{ADF7B0EC-F396-43CA-A67E-8491E0A785B9}.Ad-Hoc|x64.Build.0 = Release|x64
		{ADF7B0EC-F396-43CA-A67E-8491E0A785B9}.Ad-Hoc|x64.Deploy.0 = Release|x64
		{ADF7B0EC-F396-43CA-A67E-8491E0A785B9}.Ad-Hoc|x86.ActiveCfg = Release|x86
		{ADF7B0EC-F396-43CA-A67E-8491E0A785B9}.Ad-Hoc|x86.Build.0 = Release|x86
		{ADF7B0EC-F396-43CA-A67E-8491E0A785B9}.Ad-Hoc|x86.Deploy.0 = Release|x86
		{ADF7B0EC-F396-43CA-A67E-8491E0A785B9}.AppStore|Any CPU.ActiveCfg = Release|x64
		{ADF7B0EC-F396-43CA-A67E-8491E0A785B9}.AppStore|Any CPU.Build.0 = Release|x64
		{ADF7B0EC-F396-43CA-A67E-8491E0A785B9}.AppStore|Any CPU.Deploy.0 = Release|x64
		{ADF7B0EC-F396-43CA-A67E-8491E0A785B9}.AppStore|ARM.ActiveCfg = Release|ARM
		{ADF7B0EC-F396-43CA-A67E-8491E0A785B9}.AppStore|ARM.Build.0 = Release|ARM
		{ADF7B0EC-F396-43CA-A67E-8491E0A785B9}.AppStore|ARM.Deploy.0 = Release|ARM
		{ADF7B0EC-F396-43CA-A67E-8491E0A785B9}.AppStore|iPhone.ActiveCfg = Release|x64
		{ADF7B0EC-F396-43CA-A67E-8491E0A785B9}.AppStore|iPhone.Build.0 = Release|x64
		{ADF7B0EC-F396-43CA-A67E-8491E0A785B9}.AppStore|iPhone.Deploy.0 = Release|x64
		{ADF7B0EC-F396-43CA-A67E-8491E0A785B9}.AppStore|iPhoneSimulator.ActiveCfg = Release|x64
		{ADF7B0EC-F396-43CA-A67E-8491E0A785B9}.AppStore|iPhoneSimulator.Build.0 = Release|x64
		{ADF7B0EC-F396-43CA-A67E-8491E0A785B9}.AppStore|iPhoneSimulator.Deploy.0 = Release|x64
		{ADF7B0EC-F396-43CA-A67E-8491E0A785B9}.AppStore|x64.ActiveCfg = Release|x64
		{ADF7B0EC-F396-43CA-A67E-8491E0A785B9}.AppStore|x64.Build.0 = Release|x64
		{ADF7B0EC-F396-43CA-A67E-8491E0A785B9}.AppStore|x64.Deploy.0 = Release|x64
		{ADF7B0EC-F396-43CA-A67E-8491E0A785B9}.AppStore|x86.ActiveCfg = Release|x86
		{ADF7B0EC-F396-43CA-A67E-8491E0A785B9}.AppStore|x86.Build.0 = Release|x86
		{ADF7B0EC-F396-43CA-A67E-8491E0A785B9}.AppStore|x86.Deploy.0 = Release|x86
		{ADF7B0EC-F396-43CA-A67E-8491E0A785B9}.Debug|Any CPU.ActiveCfg = Debug|x86
		{ADF7B0EC-F396-43CA-A67E-8491E0A785B9}.Debug|Any CPU.Build.0 = Debug|x86
		{ADF7B0EC-F396-43CA-A67E-8491E0A785B9}.Debug|Any CPU.Deploy.0 = Debug|x86
		{ADF7B0EC-F396-43CA-A67E-8491E0A785B9}.Debug|ARM.ActiveCfg = Debug|ARM
		{ADF7B0EC-F396-43CA-A67E-8491E0A785B9}.Debug|ARM.Build.0 = Debug|ARM
		{ADF7B0EC-F396-43CA-A67E-8491E0A785B9}.Debug|ARM.Deploy.0 = Debug|ARM
		{ADF7B0EC-F396-43CA-A67E-8491E0A785B9}.Debug|iPhone.ActiveCfg = Debug|x86
		{ADF7B0EC-F396-43CA-A67E-8491E0A785B9}.Debug|iPhoneSimulator.ActiveCfg = Debug|x86
		{ADF7B0EC-F396-43CA-A67E-8491E0A785B9}.Debug|x64.ActiveCfg = Debug|x64
		{ADF7B0EC-F396-43CA-A67E-8491E0A785B9}.Debug|x64.Build.0 = Debug|x64
		{ADF7B0EC-F396-43CA-A67E-8491E0A785B9}.Debug|x64.Deploy.0 = Debug|x64
		{ADF7B0EC-F396-43CA-A67E-8491E0A785B9}.Debug|x86.ActiveCfg = Debug|x86
		{ADF7B0EC-F396-43CA-A67E-8491E0A785B9}.Debug|x86.Build.0 = Debug|x86
		{ADF7B0EC-F396-43CA-A67E-8491E0A785B9}.Debug|x86.Deploy.0 = Debug|x86
		{ADF7B0EC-F396-43CA-A67E-8491E0A785B9}.Release Testing|Any CPU.ActiveCfg = Release Testing|x86
		{ADF7B0EC-F396-43CA-A67E-8491E0A785B9}.Release Testing|ARM.ActiveCfg = Release Testing|ARM
		{ADF7B0EC-F396-43CA-A67E-8491E0A785B9}.Release Testing|ARM.Build.0 = Release Testing|ARM
		{ADF7B0EC-F396-43CA-A67E-8491E0A785B9}.Release Testing|ARM.Deploy.0 = Release Testing|ARM
		{ADF7B0EC-F396-43CA-A67E-8491E0A785B9}.Release Testing|iPhone.ActiveCfg = Release Testing|x86
		{ADF7B0EC-F396-43CA-A67E-8491E0A785B9}.Release Testing|iPhoneSimulator.ActiveCfg = Release Testing|x86
		{ADF7B0EC-F396-43CA-A67E-8491E0A785B9}.Release Testing|x64.ActiveCfg = Release Testing|x64
		{ADF7B0EC-F396-43CA-A67E-8491E0A785B9}.Release Testing|x64.Build.0 = Release Testing|x64
		{ADF7B0EC-F396-43CA-A67E-8491E0A785B9}.Release Testing|x64.Deploy.0 = Release Testing|x64
		{ADF7B0EC-F396-43CA-A67E-8491E0A785B9}.Release Testing|x86.ActiveCfg = Release Testing|x86
		{ADF7B0EC-F396-43CA-A67E-8491E0A785B9}.Release Testing|x86.Build.0 = Release Testing|x86
		{ADF7B0EC-F396-43CA-A67E-8491E0A785B9}.Release Testing|x86.Deploy.0 = Release Testing|x86
		{ADF7B0EC-F396-43CA-A67E-8491E0A785B9}.Release|Any CPU.ActiveCfg = Release|x86
		{ADF7B0EC-F396-43CA-A67E-8491E0A785B9}.Release|ARM.ActiveCfg = Release|ARM
		{ADF7B0EC-F396-43CA-A67E-8491E0A785B9}.Release|iPhone.ActiveCfg = Release|x86
		{ADF7B0EC-F396-43CA-A67E-8491E0A785B9}.Release|iPhoneSimulator.ActiveCfg = Release|x86
		{ADF7B0EC-F396-43CA-A67E-8491E0A785B9}.Release|x64.ActiveCfg = Release|x64
		{ADF7B0EC-F396-43CA-A67E-8491E0A785B9}.Release|x86.ActiveCfg = Release|x86
		{A2C79ADD-25FD-4158-A6D1-33AA8C3079BF}.Ad-Hoc|Any CPU.ActiveCfg = Release|Any CPU
		{A2C79ADD-25FD-4158-A6D1-33AA8C3079BF}.Ad-Hoc|Any CPU.Build.0 = Release|Any CPU
		{A2C79ADD-25FD-4158-A6D1-33AA8C3079BF}.Ad-Hoc|ARM.ActiveCfg = Release|Any CPU
		{A2C79ADD-25FD-4158-A6D1-33AA8C3079BF}.Ad-Hoc|ARM.Build.0 = Release|Any CPU
		{A2C79ADD-25FD-4158-A6D1-33AA8C3079BF}.Ad-Hoc|iPhone.ActiveCfg = Release|Any CPU
		{A2C79ADD-25FD-4158-A6D1-33AA8C3079BF}.Ad-Hoc|iPhone.Build.0 = Release|Any CPU
		{A2C79ADD-25FD-4158-A6D1-33AA8C3079BF}.Ad-Hoc|iPhoneSimulator.ActiveCfg = Release|Any CPU
		{A2C79ADD-25FD-4158-A6D1-33AA8C3079BF}.Ad-Hoc|iPhoneSimulator.Build.0 = Release|Any CPU
		{A2C79ADD-25FD-4158-A6D1-33AA8C3079BF}.Ad-Hoc|x64.ActiveCfg = Release|Any CPU
		{A2C79ADD-25FD-4158-A6D1-33AA8C3079BF}.Ad-Hoc|x64.Build.0 = Release|Any CPU
		{A2C79ADD-25FD-4158-A6D1-33AA8C3079BF}.Ad-Hoc|x86.ActiveCfg = Release|Any CPU
		{A2C79ADD-25FD-4158-A6D1-33AA8C3079BF}.Ad-Hoc|x86.Build.0 = Release|Any CPU
		{A2C79ADD-25FD-4158-A6D1-33AA8C3079BF}.AppStore|Any CPU.ActiveCfg = Release|Any CPU
		{A2C79ADD-25FD-4158-A6D1-33AA8C3079BF}.AppStore|Any CPU.Build.0 = Release|Any CPU
		{A2C79ADD-25FD-4158-A6D1-33AA8C3079BF}.AppStore|ARM.ActiveCfg = Release|Any CPU
		{A2C79ADD-25FD-4158-A6D1-33AA8C3079BF}.AppStore|ARM.Build.0 = Release|Any CPU
		{A2C79ADD-25FD-4158-A6D1-33AA8C3079BF}.AppStore|iPhone.ActiveCfg = Release|Any CPU
		{A2C79ADD-25FD-4158-A6D1-33AA8C3079BF}.AppStore|iPhone.Build.0 = Release|Any CPU
		{A2C79ADD-25FD-4158-A6D1-33AA8C3079BF}.AppStore|iPhoneSimulator.ActiveCfg = Release|Any CPU
		{A2C79ADD-25FD-4158-A6D1-33AA8C3079BF}.AppStore|iPhoneSimulator.Build.0 = Release|Any CPU
		{A2C79ADD-25FD-4158-A6D1-33AA8C3079BF}.AppStore|x64.ActiveCfg = Release|Any CPU
		{A2C79ADD-25FD-4158-A6D1-33AA8C3079BF}.AppStore|x64.Build.0 = Release|Any CPU
		{A2C79ADD-25FD-4158-A6D1-33AA8C3079BF}.AppStore|x86.ActiveCfg = Release|Any CPU
		{A2C79ADD-25FD-4158-A6D1-33AA8C3079BF}.AppStore|x86.Build.0 = Release|Any CPU
		{A2C79ADD-25FD-4158-A6D1-33AA8C3079BF}.Debug|Any CPU.ActiveCfg = Debug|Any CPU
		{A2C79ADD-25FD-4158-A6D1-33AA8C3079BF}.Debug|Any CPU.Build.0 = Debug|Any CPU
		{A2C79ADD-25FD-4158-A6D1-33AA8C3079BF}.Debug|ARM.ActiveCfg = Debug|Any CPU
		{A2C79ADD-25FD-4158-A6D1-33AA8C3079BF}.Debug|ARM.Build.0 = Debug|Any CPU
		{A2C79ADD-25FD-4158-A6D1-33AA8C3079BF}.Debug|iPhone.ActiveCfg = Debug|Any CPU
		{A2C79ADD-25FD-4158-A6D1-33AA8C3079BF}.Debug|iPhone.Build.0 = Debug|Any CPU
		{A2C79ADD-25FD-4158-A6D1-33AA8C3079BF}.Debug|iPhoneSimulator.ActiveCfg = Debug|Any CPU
		{A2C79ADD-25FD-4158-A6D1-33AA8C3079BF}.Debug|iPhoneSimulator.Build.0 = Debug|Any CPU
		{A2C79ADD-25FD-4158-A6D1-33AA8C3079BF}.Debug|x64.ActiveCfg = Debug|Any CPU
		{A2C79ADD-25FD-4158-A6D1-33AA8C3079BF}.Debug|x64.Build.0 = Debug|Any CPU
		{A2C79ADD-25FD-4158-A6D1-33AA8C3079BF}.Debug|x86.ActiveCfg = Debug|Any CPU
		{A2C79ADD-25FD-4158-A6D1-33AA8C3079BF}.Debug|x86.Build.0 = Debug|Any CPU
		{A2C79ADD-25FD-4158-A6D1-33AA8C3079BF}.Release Testing|Any CPU.ActiveCfg = Release|Any CPU
		{A2C79ADD-25FD-4158-A6D1-33AA8C3079BF}.Release Testing|Any CPU.Build.0 = Release|Any CPU
		{A2C79ADD-25FD-4158-A6D1-33AA8C3079BF}.Release Testing|ARM.ActiveCfg = Release|Any CPU
		{A2C79ADD-25FD-4158-A6D1-33AA8C3079BF}.Release Testing|ARM.Build.0 = Release|Any CPU
		{A2C79ADD-25FD-4158-A6D1-33AA8C3079BF}.Release Testing|iPhone.ActiveCfg = Release|Any CPU
		{A2C79ADD-25FD-4158-A6D1-33AA8C3079BF}.Release Testing|iPhone.Build.0 = Release|Any CPU
		{A2C79ADD-25FD-4158-A6D1-33AA8C3079BF}.Release Testing|iPhoneSimulator.ActiveCfg = Release|Any CPU
		{A2C79ADD-25FD-4158-A6D1-33AA8C3079BF}.Release Testing|iPhoneSimulator.Build.0 = Release|Any CPU
		{A2C79ADD-25FD-4158-A6D1-33AA8C3079BF}.Release Testing|x64.ActiveCfg = Release|Any CPU
		{A2C79ADD-25FD-4158-A6D1-33AA8C3079BF}.Release Testing|x64.Build.0 = Release|Any CPU
		{A2C79ADD-25FD-4158-A6D1-33AA8C3079BF}.Release Testing|x86.ActiveCfg = Release|Any CPU
		{A2C79ADD-25FD-4158-A6D1-33AA8C3079BF}.Release Testing|x86.Build.0 = Release|Any CPU
		{A2C79ADD-25FD-4158-A6D1-33AA8C3079BF}.Release|Any CPU.ActiveCfg = Release|Any CPU
		{A2C79ADD-25FD-4158-A6D1-33AA8C3079BF}.Release|Any CPU.Build.0 = Release|Any CPU
		{A2C79ADD-25FD-4158-A6D1-33AA8C3079BF}.Release|ARM.ActiveCfg = Release|Any CPU
		{A2C79ADD-25FD-4158-A6D1-33AA8C3079BF}.Release|ARM.Build.0 = Release|Any CPU
		{A2C79ADD-25FD-4158-A6D1-33AA8C3079BF}.Release|iPhone.ActiveCfg = Release|Any CPU
		{A2C79ADD-25FD-4158-A6D1-33AA8C3079BF}.Release|iPhone.Build.0 = Release|Any CPU
		{A2C79ADD-25FD-4158-A6D1-33AA8C3079BF}.Release|iPhoneSimulator.ActiveCfg = Release|Any CPU
		{A2C79ADD-25FD-4158-A6D1-33AA8C3079BF}.Release|iPhoneSimulator.Build.0 = Release|Any CPU
		{A2C79ADD-25FD-4158-A6D1-33AA8C3079BF}.Release|x64.ActiveCfg = Release|Any CPU
		{A2C79ADD-25FD-4158-A6D1-33AA8C3079BF}.Release|x64.Build.0 = Release|Any CPU
		{A2C79ADD-25FD-4158-A6D1-33AA8C3079BF}.Release|x86.ActiveCfg = Release|Any CPU
		{A2C79ADD-25FD-4158-A6D1-33AA8C3079BF}.Release|x86.Build.0 = Release|Any CPU
		{BE4C5233-7D79-47D6-9AA1-94AD0BDDBC83}.Ad-Hoc|Any CPU.ActiveCfg = Release|Any CPU
		{BE4C5233-7D79-47D6-9AA1-94AD0BDDBC83}.Ad-Hoc|Any CPU.Build.0 = Release|Any CPU
		{BE4C5233-7D79-47D6-9AA1-94AD0BDDBC83}.Ad-Hoc|ARM.ActiveCfg = Release|Any CPU
		{BE4C5233-7D79-47D6-9AA1-94AD0BDDBC83}.Ad-Hoc|ARM.Build.0 = Release|Any CPU
		{BE4C5233-7D79-47D6-9AA1-94AD0BDDBC83}.Ad-Hoc|iPhone.ActiveCfg = Release|Any CPU
		{BE4C5233-7D79-47D6-9AA1-94AD0BDDBC83}.Ad-Hoc|iPhone.Build.0 = Release|Any CPU
		{BE4C5233-7D79-47D6-9AA1-94AD0BDDBC83}.Ad-Hoc|iPhoneSimulator.ActiveCfg = Release|Any CPU
		{BE4C5233-7D79-47D6-9AA1-94AD0BDDBC83}.Ad-Hoc|iPhoneSimulator.Build.0 = Release|Any CPU
		{BE4C5233-7D79-47D6-9AA1-94AD0BDDBC83}.Ad-Hoc|x64.ActiveCfg = Release|Any CPU
		{BE4C5233-7D79-47D6-9AA1-94AD0BDDBC83}.Ad-Hoc|x64.Build.0 = Release|Any CPU
		{BE4C5233-7D79-47D6-9AA1-94AD0BDDBC83}.Ad-Hoc|x86.ActiveCfg = Release|Any CPU
		{BE4C5233-7D79-47D6-9AA1-94AD0BDDBC83}.Ad-Hoc|x86.Build.0 = Release|Any CPU
		{BE4C5233-7D79-47D6-9AA1-94AD0BDDBC83}.AppStore|Any CPU.ActiveCfg = Release|Any CPU
		{BE4C5233-7D79-47D6-9AA1-94AD0BDDBC83}.AppStore|Any CPU.Build.0 = Release|Any CPU
		{BE4C5233-7D79-47D6-9AA1-94AD0BDDBC83}.AppStore|ARM.ActiveCfg = Release|Any CPU
		{BE4C5233-7D79-47D6-9AA1-94AD0BDDBC83}.AppStore|ARM.Build.0 = Release|Any CPU
		{BE4C5233-7D79-47D6-9AA1-94AD0BDDBC83}.AppStore|iPhone.ActiveCfg = Release|Any CPU
		{BE4C5233-7D79-47D6-9AA1-94AD0BDDBC83}.AppStore|iPhone.Build.0 = Release|Any CPU
		{BE4C5233-7D79-47D6-9AA1-94AD0BDDBC83}.AppStore|iPhoneSimulator.ActiveCfg = Release|Any CPU
		{BE4C5233-7D79-47D6-9AA1-94AD0BDDBC83}.AppStore|iPhoneSimulator.Build.0 = Release|Any CPU
		{BE4C5233-7D79-47D6-9AA1-94AD0BDDBC83}.AppStore|x64.ActiveCfg = Release|Any CPU
		{BE4C5233-7D79-47D6-9AA1-94AD0BDDBC83}.AppStore|x64.Build.0 = Release|Any CPU
		{BE4C5233-7D79-47D6-9AA1-94AD0BDDBC83}.AppStore|x86.ActiveCfg = Release|Any CPU
		{BE4C5233-7D79-47D6-9AA1-94AD0BDDBC83}.AppStore|x86.Build.0 = Release|Any CPU
		{BE4C5233-7D79-47D6-9AA1-94AD0BDDBC83}.Debug|Any CPU.ActiveCfg = Debug|Any CPU
		{BE4C5233-7D79-47D6-9AA1-94AD0BDDBC83}.Debug|Any CPU.Build.0 = Debug|Any CPU
		{BE4C5233-7D79-47D6-9AA1-94AD0BDDBC83}.Debug|ARM.ActiveCfg = Debug|Any CPU
		{BE4C5233-7D79-47D6-9AA1-94AD0BDDBC83}.Debug|ARM.Build.0 = Debug|Any CPU
		{BE4C5233-7D79-47D6-9AA1-94AD0BDDBC83}.Debug|iPhone.ActiveCfg = Debug|Any CPU
		{BE4C5233-7D79-47D6-9AA1-94AD0BDDBC83}.Debug|iPhone.Build.0 = Debug|Any CPU
		{BE4C5233-7D79-47D6-9AA1-94AD0BDDBC83}.Debug|iPhoneSimulator.ActiveCfg = Debug|Any CPU
		{BE4C5233-7D79-47D6-9AA1-94AD0BDDBC83}.Debug|iPhoneSimulator.Build.0 = Debug|Any CPU
		{BE4C5233-7D79-47D6-9AA1-94AD0BDDBC83}.Debug|x64.ActiveCfg = Debug|Any CPU
		{BE4C5233-7D79-47D6-9AA1-94AD0BDDBC83}.Debug|x64.Build.0 = Debug|Any CPU
		{BE4C5233-7D79-47D6-9AA1-94AD0BDDBC83}.Debug|x86.ActiveCfg = Debug|Any CPU
		{BE4C5233-7D79-47D6-9AA1-94AD0BDDBC83}.Debug|x86.Build.0 = Debug|Any CPU
		{BE4C5233-7D79-47D6-9AA1-94AD0BDDBC83}.Release Testing|Any CPU.ActiveCfg = Release|Any CPU
		{BE4C5233-7D79-47D6-9AA1-94AD0BDDBC83}.Release Testing|Any CPU.Build.0 = Release|Any CPU
		{BE4C5233-7D79-47D6-9AA1-94AD0BDDBC83}.Release Testing|ARM.ActiveCfg = Release|Any CPU
		{BE4C5233-7D79-47D6-9AA1-94AD0BDDBC83}.Release Testing|ARM.Build.0 = Release|Any CPU
		{BE4C5233-7D79-47D6-9AA1-94AD0BDDBC83}.Release Testing|iPhone.ActiveCfg = Release|Any CPU
		{BE4C5233-7D79-47D6-9AA1-94AD0BDDBC83}.Release Testing|iPhone.Build.0 = Release|Any CPU
		{BE4C5233-7D79-47D6-9AA1-94AD0BDDBC83}.Release Testing|iPhoneSimulator.ActiveCfg = Release|Any CPU
		{BE4C5233-7D79-47D6-9AA1-94AD0BDDBC83}.Release Testing|iPhoneSimulator.Build.0 = Release|Any CPU
		{BE4C5233-7D79-47D6-9AA1-94AD0BDDBC83}.Release Testing|x64.ActiveCfg = Release|Any CPU
		{BE4C5233-7D79-47D6-9AA1-94AD0BDDBC83}.Release Testing|x64.Build.0 = Release|Any CPU
		{BE4C5233-7D79-47D6-9AA1-94AD0BDDBC83}.Release Testing|x86.ActiveCfg = Release|Any CPU
		{BE4C5233-7D79-47D6-9AA1-94AD0BDDBC83}.Release Testing|x86.Build.0 = Release|Any CPU
		{BE4C5233-7D79-47D6-9AA1-94AD0BDDBC83}.Release|Any CPU.ActiveCfg = Release|Any CPU
		{BE4C5233-7D79-47D6-9AA1-94AD0BDDBC83}.Release|ARM.ActiveCfg = Release|Any CPU
		{BE4C5233-7D79-47D6-9AA1-94AD0BDDBC83}.Release|ARM.Build.0 = Release|Any CPU
		{BE4C5233-7D79-47D6-9AA1-94AD0BDDBC83}.Release|iPhone.ActiveCfg = Release|Any CPU
		{BE4C5233-7D79-47D6-9AA1-94AD0BDDBC83}.Release|iPhone.Build.0 = Release|Any CPU
		{BE4C5233-7D79-47D6-9AA1-94AD0BDDBC83}.Release|iPhoneSimulator.ActiveCfg = Release|Any CPU
		{BE4C5233-7D79-47D6-9AA1-94AD0BDDBC83}.Release|iPhoneSimulator.Build.0 = Release|Any CPU
		{BE4C5233-7D79-47D6-9AA1-94AD0BDDBC83}.Release|x64.ActiveCfg = Release|Any CPU
		{BE4C5233-7D79-47D6-9AA1-94AD0BDDBC83}.Release|x64.Build.0 = Release|Any CPU
		{BE4C5233-7D79-47D6-9AA1-94AD0BDDBC83}.Release|x86.ActiveCfg = Release|Any CPU
		{BE4C5233-7D79-47D6-9AA1-94AD0BDDBC83}.Release|x86.Build.0 = Release|Any CPU
	EndGlobalSection
	GlobalSection(SolutionProperties) = preSolution
		HideSolutionNode = FALSE
	EndGlobalSection
EndGlobal
